{
  "pins" : [
    {
      "identity" : "onnxruntime-libs",
      "kind" : "remoteSourceControl",
      "location" : "https://github.com/csukuangfj/onnxruntime-libs",
      "state" : {
        "revision" : "1fbef5f2a1b5c2691fe9411243f3a8afe9a0b169",
        "version" : "1.27.1"
      }
    },
    {
      "identity" : "sherpa-onnx",
      "kind" : "remoteSourceControl",
      "location" : "https://github.com/k2-fsa/sherpa-onnx",
      "state" : {
        "revision" : "3dc7c569f31ca2cd4a20ed6f7db780327e6714c5",
        "version" : "1.13.5"
      }
    }
  ],
  "version" : 2
}
