<?xml version="1.0" encoding="UTF-8"?>
<Scheme
   LastUpgradeVersion = "1600"
   version = "1.7">
   <BuildAction
      parallelizeBuildables = "YES"
      buildImplicitDependencies = "YES"
      runPostActionsOnFailure = "NO">
      <BuildActionEntries>
         <BuildActionEntry
            buildForTesting = "YES"
            buildForRunning = "YES"
            buildForProfiling = "YES"
            buildForArchiving = "YES"
            buildForAnalyzing = "YES">
            <BuildableReference
               BuildableIdentifier = "primary"
               BlueprintIdentifier = "95B2F73CA8EAD5AB4E6FF270"
               BuildableName = "VoiceAgentBridge.app"
               BlueprintName = "VoiceAgentBridge"
               ReferencedContainer = "container:VoiceAgentBridge.xcodeproj">
            </BuildableReference>
         </BuildActionEntry>
      </BuildActionEntries>
   </BuildAction>
   <TestAction
      buildConfiguration = "Debug"
      selectedDebuggerIdentifier = "Xcode.DebuggerFoundation.Debugger.LLDB"
      selectedLauncherIdentifier = "Xcode.DebuggerFoundation.Launcher.LLDB"
      shouldUseLaunchSchemeArgsEnv = "NO"
      onlyGenerateCoverageForSpecifiedTargets = "NO">
      <MacroExpansion>
         <BuildableReference
            BuildableIdentifier = "primary"
            BlueprintIdentifier = "95B2F73CA8EAD5AB4E6FF270"
            BuildableName = "VoiceAgentBridge.app"
            BlueprintName = "VoiceAgentBridge"
            ReferencedContainer = "container:VoiceAgentBridge.xcodeproj">
         </BuildableReference>
      </MacroExpansion>
      <Testables>
         <TestableReference
            skipped = "NO"
            parallelizable = "NO">
            <BuildableReference
               BuildableIdentifier = "primary"
               BlueprintIdentifier = "C1014640451ADE67F8E70780"
               BuildableName = "VoiceAgentBridgeTests.xctest"
               BlueprintName = "VoiceAgentBridgeTests"
               ReferencedContainer = "container:VoiceAgentBridge.xcodeproj">
            </BuildableReference>
         </TestableReference>
         <TestableReference
            skipped = "NO"
            parallelizable = "NO">
            <BuildableReference
               BuildableIdentifier = "primary"
               BlueprintIdentifier = "88316352B2D23303A8BD9E7C"
               BuildableName = "VoiceAgentBridgeUITests.xctest"
               BlueprintName = "VoiceAgentBridgeUITests"
               ReferencedContainer = "container:VoiceAgentBridge.xcodeproj">
            </BuildableReference>
         </TestableReference>
      </Testables>
      <CommandLineArguments>
      </CommandLineArguments>
      <EnvironmentVariables>
         <EnvironmentVariable
            key = "KNOCK_AIRPLANE_COUNTDOWN_SECONDS"
            value = "$(KNOCK_AIRPLANE_COUNTDOWN_SECONDS)"
            isEnabled = "YES">
         </EnvironmentVariable>
         <EnvironmentVariable
            key = "KNOCK_AIRPLANE_EXPECTED_SESSION_TITLE"
            value = "$(KNOCK_AIRPLANE_EXPECTED_SESSION_TITLE)"
            isEnabled = "YES">
         </EnvironmentVariable>
         <EnvironmentVariable
            key = "KNOCK_AIRPLANE_PHASE"
            value = "$(KNOCK_AIRPLANE_PHASE)"
            isEnabled = "YES">
         </EnvironmentVariable>
         <EnvironmentVariable
            key = "KNOCK_CLEAN_PUBLIC_STT_APPLE_UAT"
            value = "$(KNOCK_CLEAN_PUBLIC_STT_APPLE_UAT)"
            isEnabled = "YES">
         </EnvironmentVariable>
         <EnvironmentVariable
            key = "KNOCK_PHYSICAL_VOICE_COUNTDOWN_SECONDS"
            value = "$(KNOCK_PHYSICAL_VOICE_COUNTDOWN_SECONDS)"
            isEnabled = "YES">
         </EnvironmentVariable>
         <EnvironmentVariable
            key = "KNOCK_PUBLIC_STT_APPLE_BACKEND"
            value = "$(KNOCK_PUBLIC_STT_APPLE_BACKEND)"
            isEnabled = "YES">
         </EnvironmentVariable>
         <EnvironmentVariable
            key = "KNOCK_RUN_AIRPLANE_MODE_UAT"
            value = "$(KNOCK_RUN_AIRPLANE_MODE_UAT)"
            isEnabled = "YES">
         </EnvironmentVariable>
         <EnvironmentVariable
            key = "KNOCK_RUN_DUAL_DEVICE_UAT"
            value = "$(KNOCK_RUN_DUAL_DEVICE_UAT)"
            isEnabled = "YES">
         </EnvironmentVariable>
         <EnvironmentVariable
            key = "KNOCK_RUN_PHYSICAL_VOICE_E2E"
            value = "$(KNOCK_RUN_PHYSICAL_VOICE_E2E)"
            isEnabled = "YES">
         </EnvironmentVariable>
         <EnvironmentVariable
            key = "KNOCK_RUN_PUBLIC_STT_APPLE_UAT"
            value = "$(KNOCK_RUN_PUBLIC_STT_APPLE_UAT)"
            isEnabled = "YES">
         </EnvironmentVariable>
         <EnvironmentVariable
            key = "KNOCK_RUN_VOICE_AUDIO_PIPELINE_UAT"
            value = "$(KNOCK_RUN_VOICE_AUDIO_PIPELINE_UAT)"
            isEnabled = "YES">
         </EnvironmentVariable>
         <EnvironmentVariable
            key = "KNOCK_RUN_VOICE_AUDIO_STT_UAT"
            value = "$(KNOCK_RUN_VOICE_AUDIO_STT_UAT)"
            isEnabled = "YES">
         </EnvironmentVariable>
         <EnvironmentVariable
            key = "KNOCK_UI_TEST_API_BASE_URL"
            value = "$(KNOCK_API_BASE_URL)"
            isEnabled = "YES">
         </EnvironmentVariable>
         <EnvironmentVariable
            key = "KNOCK_VOICE_AUDIO_DATASET_ROOT"
            value = "$(KNOCK_VOICE_AUDIO_DATASET_ROOT)"
            isEnabled = "YES">
         </EnvironmentVariable>
         <EnvironmentVariable
            key = "KNOCK_VOICE_AUDIO_HUMAN_SUBSET_ONLY"
            value = "$(KNOCK_VOICE_AUDIO_HUMAN_SUBSET_ONLY)"
            isEnabled = "YES">
         </EnvironmentVariable>
         <EnvironmentVariable
            key = "KNOCK_VOICE_AUDIO_IDS"
            value = "$(KNOCK_VOICE_AUDIO_IDS)"
            isEnabled = "YES">
         </EnvironmentVariable>
         <EnvironmentVariable
            key = "KNOCK_VOICE_AUDIO_LIMIT"
            value = "$(KNOCK_VOICE_AUDIO_LIMIT)"
            isEnabled = "YES">
         </EnvironmentVariable>
         <EnvironmentVariable
            key = "KNOCK_VOICE_AUDIO_PROFILES"
            value = "$(KNOCK_VOICE_AUDIO_PROFILES)"
            isEnabled = "YES">
         </EnvironmentVariable>
         <EnvironmentVariable
            key = "KNOCK_VOICE_RESULT_DEVICE"
            value = "$(KNOCK_VOICE_RESULT_DEVICE)"
            isEnabled = "YES">
         </EnvironmentVariable>
         <EnvironmentVariable
            key = "KNOCK_VOICE_STT_BACKEND"
            value = "$(KNOCK_VOICE_STT_BACKEND)"
            isEnabled = "YES">
         </EnvironmentVariable>
         <EnvironmentVariable
            key = "KNOCK_VOICE_USE_GPU"
            value = "$(KNOCK_VOICE_USE_GPU)"
            isEnabled = "YES">
         </EnvironmentVariable>
      </EnvironmentVariables>
   </TestAction>
   <LaunchAction
      buildConfiguration = "Debug"
      selectedDebuggerIdentifier = "Xcode.DebuggerFoundation.Debugger.LLDB"
      selectedLauncherIdentifier = "Xcode.DebuggerFoundation.Launcher.LLDB"
      launchStyle = "0"
      useCustomWorkingDirectory = "NO"
      ignoresPersistentStateOnLaunch = "NO"
      debugDocumentVersioning = "YES"
      debugServiceExtension = "internal"
      allowLocationSimulation = "YES">
      <BuildableProductRunnable
         runnableDebuggingMode = "0">
         <BuildableReference
            BuildableIdentifier = "primary"
            BlueprintIdentifier = "95B2F73CA8EAD5AB4E6FF270"
            BuildableName = "VoiceAgentBridge.app"
            BlueprintName = "VoiceAgentBridge"
            ReferencedContainer = "container:VoiceAgentBridge.xcodeproj">
         </BuildableReference>
      </BuildableProductRunnable>
      <CommandLineArguments>
      </CommandLineArguments>
      <EnvironmentVariables>
         <EnvironmentVariable
            key = "KNOCK_AIRPLANE_COUNTDOWN_SECONDS"
            value = "$(KNOCK_AIRPLANE_COUNTDOWN_SECONDS)"
            isEnabled = "YES">
         </EnvironmentVariable>
         <EnvironmentVariable
            key = "KNOCK_AIRPLANE_EXPECTED_SESSION_TITLE"
            value = "$(KNOCK_AIRPLANE_EXPECTED_SESSION_TITLE)"
            isEnabled = "YES">
         </EnvironmentVariable>
         <EnvironmentVariable
            key = "KNOCK_AIRPLANE_PHASE"
            value = "$(KNOCK_AIRPLANE_PHASE)"
            isEnabled = "YES">
         </EnvironmentVariable>
         <EnvironmentVariable
            key = "KNOCK_CLEAN_PUBLIC_STT_APPLE_UAT"
            value = "$(KNOCK_CLEAN_PUBLIC_STT_APPLE_UAT)"
            isEnabled = "YES">
         </EnvironmentVariable>
         <EnvironmentVariable
            key = "KNOCK_PHYSICAL_VOICE_COUNTDOWN_SECONDS"
            value = "$(KNOCK_PHYSICAL_VOICE_COUNTDOWN_SECONDS)"
            isEnabled = "YES">
         </EnvironmentVariable>
         <EnvironmentVariable
            key = "KNOCK_PUBLIC_STT_APPLE_BACKEND"
            value = "$(KNOCK_PUBLIC_STT_APPLE_BACKEND)"
            isEnabled = "YES">
         </EnvironmentVariable>
         <EnvironmentVariable
            key = "KNOCK_RUN_AIRPLANE_MODE_UAT"
            value = "$(KNOCK_RUN_AIRPLANE_MODE_UAT)"
            isEnabled = "YES">
         </EnvironmentVariable>
         <EnvironmentVariable
            key = "KNOCK_RUN_DUAL_DEVICE_UAT"
            value = "$(KNOCK_RUN_DUAL_DEVICE_UAT)"
            isEnabled = "YES">
         </EnvironmentVariable>
         <EnvironmentVariable
            key = "KNOCK_RUN_PHYSICAL_VOICE_E2E"
            value = "$(KNOCK_RUN_PHYSICAL_VOICE_E2E)"
            isEnabled = "YES">
         </EnvironmentVariable>
         <EnvironmentVariable
            key = "KNOCK_RUN_PUBLIC_STT_APPLE_UAT"
            value = "$(KNOCK_RUN_PUBLIC_STT_APPLE_UAT)"
            isEnabled = "YES">
         </EnvironmentVariable>
         <EnvironmentVariable
            key = "KNOCK_RUN_VOICE_AUDIO_PIPELINE_UAT"
            value = "$(KNOCK_RUN_VOICE_AUDIO_PIPELINE_UAT)"
            isEnabled = "YES">
         </EnvironmentVariable>
         <EnvironmentVariable
            key = "KNOCK_RUN_VOICE_AUDIO_STT_UAT"
            value = "$(KNOCK_RUN_VOICE_AUDIO_STT_UAT)"
            isEnabled = "YES">
         </EnvironmentVariable>
         <EnvironmentVariable
            key = "KNOCK_UI_TEST_API_BASE_URL"
            value = "$(KNOCK_API_BASE_URL)"
            isEnabled = "YES">
         </EnvironmentVariable>
         <EnvironmentVariable
            key = "KNOCK_VOICE_AUDIO_DATASET_ROOT"
            value = "$(KNOCK_VOICE_AUDIO_DATASET_ROOT)"
            isEnabled = "YES">
         </EnvironmentVariable>
         <EnvironmentVariable
            key = "KNOCK_VOICE_AUDIO_HUMAN_SUBSET_ONLY"
            value = "$(KNOCK_VOICE_AUDIO_HUMAN_SUBSET_ONLY)"
            isEnabled = "YES">
         </EnvironmentVariable>
         <EnvironmentVariable
            key = "KNOCK_VOICE_AUDIO_IDS"
            value = "$(KNOCK_VOICE_AUDIO_IDS)"
            isEnabled = "YES">
         </EnvironmentVariable>
         <EnvironmentVariable
            key = "KNOCK_VOICE_AUDIO_LIMIT"
            value = "$(KNOCK_VOICE_AUDIO_LIMIT)"
            isEnabled = "YES">
         </EnvironmentVariable>
         <EnvironmentVariable
            key = "KNOCK_VOICE_AUDIO_PROFILES"
            value = "$(KNOCK_VOICE_AUDIO_PROFILES)"
            isEnabled = "YES">
         </EnvironmentVariable>
         <EnvironmentVariable
            key = "KNOCK_VOICE_RESULT_DEVICE"
            value = "$(KNOCK_VOICE_RESULT_DEVICE)"
            isEnabled = "YES">
         </EnvironmentVariable>
         <EnvironmentVariable
            key = "KNOCK_VOICE_STT_BACKEND"
            value = "$(KNOCK_VOICE_STT_BACKEND)"
            isEnabled = "YES">
         </EnvironmentVariable>
         <EnvironmentVariable
            key = "KNOCK_VOICE_USE_GPU"
            value = "$(KNOCK_VOICE_USE_GPU)"
            isEnabled = "YES">
         </EnvironmentVariable>
      </EnvironmentVariables>
   </LaunchAction>
   <ProfileAction
      buildConfiguration = "Release"
      shouldUseLaunchSchemeArgsEnv = "NO"
      savedToolIdentifier = ""
      useCustomWorkingDirectory = "NO"
      debugDocumentVersioning = "YES">
      <BuildableProductRunnable
         runnableDebuggingMode = "0">
         <BuildableReference
            BuildableIdentifier = "primary"
            BlueprintIdentifier = "95B2F73CA8EAD5AB4E6FF270"
            BuildableName = "VoiceAgentBridge.app"
            BlueprintName = "VoiceAgentBridge"
            ReferencedContainer = "container:VoiceAgentBridge.xcodeproj">
         </BuildableReference>
      </BuildableProductRunnable>
      <CommandLineArguments>
      </CommandLineArguments>
      <EnvironmentVariables>
         <EnvironmentVariable
            key = "KNOCK_AIRPLANE_COUNTDOWN_SECONDS"
            value = "$(KNOCK_AIRPLANE_COUNTDOWN_SECONDS)"
            isEnabled = "YES">
         </EnvironmentVariable>
         <EnvironmentVariable
            key = "KNOCK_AIRPLANE_EXPECTED_SESSION_TITLE"
            value = "$(KNOCK_AIRPLANE_EXPECTED_SESSION_TITLE)"
            isEnabled = "YES">
         </EnvironmentVariable>
         <EnvironmentVariable
            key = "KNOCK_AIRPLANE_PHASE"
            value = "$(KNOCK_AIRPLANE_PHASE)"
            isEnabled = "YES">
         </EnvironmentVariable>
         <EnvironmentVariable
            key = "KNOCK_CLEAN_PUBLIC_STT_APPLE_UAT"
            value = "$(KNOCK_CLEAN_PUBLIC_STT_APPLE_UAT)"
            isEnabled = "YES">
         </EnvironmentVariable>
         <EnvironmentVariable
            key = "KNOCK_PHYSICAL_VOICE_COUNTDOWN_SECONDS"
            value = "$(KNOCK_PHYSICAL_VOICE_COUNTDOWN_SECONDS)"
            isEnabled = "YES">
         </EnvironmentVariable>
         <EnvironmentVariable
            key = "KNOCK_PUBLIC_STT_APPLE_BACKEND"
            value = "$(KNOCK_PUBLIC_STT_APPLE_BACKEND)"
            isEnabled = "YES">
         </EnvironmentVariable>
         <EnvironmentVariable
            key = "KNOCK_RUN_AIRPLANE_MODE_UAT"
            value = "$(KNOCK_RUN_AIRPLANE_MODE_UAT)"
            isEnabled = "YES">
         </EnvironmentVariable>
         <EnvironmentVariable
            key = "KNOCK_RUN_DUAL_DEVICE_UAT"
            value = "$(KNOCK_RUN_DUAL_DEVICE_UAT)"
            isEnabled = "YES">
         </EnvironmentVariable>
         <EnvironmentVariable
            key = "KNOCK_RUN_PHYSICAL_VOICE_E2E"
            value = "$(KNOCK_RUN_PHYSICAL_VOICE_E2E)"
            isEnabled = "YES">
         </EnvironmentVariable>
         <EnvironmentVariable
            key = "KNOCK_RUN_PUBLIC_STT_APPLE_UAT"
            value = "$(KNOCK_RUN_PUBLIC_STT_APPLE_UAT)"
            isEnabled = "YES">
         </EnvironmentVariable>
         <EnvironmentVariable
            key = "KNOCK_RUN_VOICE_AUDIO_PIPELINE_UAT"
            value = "$(KNOCK_RUN_VOICE_AUDIO_PIPELINE_UAT)"
            isEnabled = "YES">
         </EnvironmentVariable>
         <EnvironmentVariable
            key = "KNOCK_RUN_VOICE_AUDIO_STT_UAT"
            value = "$(KNOCK_RUN_VOICE_AUDIO_STT_UAT)"
            isEnabled = "YES">
         </EnvironmentVariable>
         <EnvironmentVariable
            key = "KNOCK_UI_TEST_API_BASE_URL"
            value = "$(KNOCK_API_BASE_URL)"
            isEnabled = "YES">
         </EnvironmentVariable>
         <EnvironmentVariable
            key = "KNOCK_VOICE_AUDIO_DATASET_ROOT"
            value = "$(KNOCK_VOICE_AUDIO_DATASET_ROOT)"
            isEnabled = "YES">
         </EnvironmentVariable>
         <EnvironmentVariable
            key = "KNOCK_VOICE_AUDIO_HUMAN_SUBSET_ONLY"
            value = "$(KNOCK_VOICE_AUDIO_HUMAN_SUBSET_ONLY)"
            isEnabled = "YES">
         </EnvironmentVariable>
         <EnvironmentVariable
            key = "KNOCK_VOICE_AUDIO_IDS"
            value = "$(KNOCK_VOICE_AUDIO_IDS)"
            isEnabled = "YES">
         </EnvironmentVariable>
         <EnvironmentVariable
            key = "KNOCK_VOICE_AUDIO_LIMIT"
            value = "$(KNOCK_VOICE_AUDIO_LIMIT)"
            isEnabled = "YES">
         </EnvironmentVariable>
         <EnvironmentVariable
            key = "KNOCK_VOICE_AUDIO_PROFILES"
            value = "$(KNOCK_VOICE_AUDIO_PROFILES)"
            isEnabled = "YES">
         </EnvironmentVariable>
         <EnvironmentVariable
            key = "KNOCK_VOICE_RESULT_DEVICE"
            value = "$(KNOCK_VOICE_RESULT_DEVICE)"
            isEnabled = "YES">
         </EnvironmentVariable>
         <EnvironmentVariable
            key = "KNOCK_VOICE_STT_BACKEND"
            value = "$(KNOCK_VOICE_STT_BACKEND)"
            isEnabled = "YES">
         </EnvironmentVariable>
         <EnvironmentVariable
            key = "KNOCK_VOICE_USE_GPU"
            value = "$(KNOCK_VOICE_USE_GPU)"
            isEnabled = "YES">
         </EnvironmentVariable>
      </EnvironmentVariables>
   </ProfileAction>
   <AnalyzeAction
      buildConfiguration = "Debug">
   </AnalyzeAction>
   <ArchiveAction
      buildConfiguration = "Release"
      revealArchiveInOrganizer = "YES">
   </ArchiveAction>
</Scheme>
