// !$*UTF8*$!
{
	archiveVersion = 1;
	classes = {
	};
	objectVersion = 77;
	objects = {

/* Begin PBXBuildFile section */
		03FB82A9C9179F54492BEB68 /* MLXLLM in Frameworks */ = {isa = PBXBuildFile; productRef = D8B617978EF36B5E5AA1FFB6 /* MLXLLM */; };
		050EE8ABC331146D8FE7CD65 /* LiteRTLM in Frameworks */ = {isa = PBXBuildFile; productRef = 0B3495CAC37DE7BB71C40B44 /* LiteRTLM */; };
		076FADC6BA10C0B686162DAC /* VoiceAgentBridgeUITests.swift in Sources */ = {isa = PBXBuildFile; fileRef = 4D30B279968994BB440B903C /* VoiceAgentBridgeUITests.swift */; };
		0A6931420DD0D10247B897CF /* MLXEmbedders in Frameworks */ = {isa = PBXBuildFile; productRef = FB21DA517F98ECE42D2221BE /* MLXEmbedders */; };
		0D93D157788A40A948DCF6E2 /* ModelManifest.swift in Sources */ = {isa = PBXBuildFile; fileRef = 149CAFF91FDC8612C25406DD /* ModelManifest.swift */; };
		0FF7B9A0DFFFA31708F1A95D /* ModelManifestTests.swift in Sources */ = {isa = PBXBuildFile; fileRef = FCF7CB1D4DEEC850EDE664F2 /* ModelManifestTests.swift */; };
		10849153B5DB75110F3130B8 /* MLXEmbedders in Frameworks */ = {isa = PBXBuildFile; productRef = 35EB6AEE0EBE29EE058C886A /* MLXEmbedders */; };
		137762B8BE34597AEC835FE1 /* ProductionViews.swift in Sources */ = {isa = PBXBuildFile; fileRef = 5A8C292E2E86149C5183D6F7 /* ProductionViews.swift */; };
		1C09684A2B56E1AAA5CC0BE4 /* ControlledFieldExtraction.swift in Sources */ = {isa = PBXBuildFile; fileRef = 6C527516AC8F001B6D28D20A /* ControlledFieldExtraction.swift */; };
		203689135B185FB76B97F1FD /* Tokenizers in Frameworks */ = {isa = PBXBuildFile; productRef = BF92056474B3E292A67125F3 /* Tokenizers */; };
		2114B9779C001BA980B4E436 /* DemoConfig.swift in Sources */ = {isa = PBXBuildFile; fileRef = A1CB585C4D196C26E5F29DFC /* DemoConfig.swift */; };
		24BC3078277BDE7AB878D378 /* VoiceCommandGoldenSet.v1.json in Resources */ = {isa = PBXBuildFile; fileRef = C6271CCE5FA7C494BBADEB9E /* VoiceCommandGoldenSet.v1.json */; };
		25641E57D673CB29E940845B /* CommandResponseTests.swift in Sources */ = {isa = PBXBuildFile; fileRef = E961F8A69AB7D6BDE901A076 /* CommandResponseTests.swift */; };
		27157DD518C3A3864DDFC1FD /* MLXEmbedders in Frameworks */ = {isa = PBXBuildFile; productRef = 917AD5C9710B0560352A7ADA /* MLXEmbedders */; };
		2EE756E3BB3E391BDAC57087 /* ModelsDecodingTests.swift in Sources */ = {isa = PBXBuildFile; fileRef = 3595E8A4AF7E21EAE30D6879 /* ModelsDecodingTests.swift */; };
		34FAB929C103E28E82FE1816 /* SQLiteStore.swift in Sources */ = {isa = PBXBuildFile; fileRef = 8A0FA7BC48E2BC3640609CEB /* SQLiteStore.swift */; };
		3BC3B873563D6D40048D0CD4 /* VoiceLanguageRoutingPolicy.swift in Sources */ = {isa = PBXBuildFile; fileRef = BA15AA96F79F6DA091129FC5 /* VoiceLanguageRoutingPolicy.swift */; };
		431E50C47EA9942550BABB6C /* LocalVoiceModelManager.swift in Sources */ = {isa = PBXBuildFile; fileRef = 702971A67B4C464BAD29C2BF /* LocalVoiceModelManager.swift */; };
		473DFF05EA882A4B4398A88B /* VoiceCommandGoldenSetTests.swift in Sources */ = {isa = PBXBuildFile; fileRef = AA717EF03B5C5EAB9F24A65F /* VoiceCommandGoldenSetTests.swift */; };
		49795404D433FEBEB093D31C /* CommandEnvelopeTests.swift in Sources */ = {isa = PBXBuildFile; fileRef = 9C1D1AD3C4D5FC05095BE5A6 /* CommandEnvelopeTests.swift */; };
		4D243E13460133345395AA04 /* ControlledFieldExtractionTests.swift in Sources */ = {isa = PBXBuildFile; fileRef = F8DC36F4DC3FC22E51EEAD47 /* ControlledFieldExtractionTests.swift */; };
		4F784F2BC0F9C2472B39E34A /* LocalModels in Resources */ = {isa = PBXBuildFile; fileRef = 7D6506CA198DBE45F2D414C5 /* LocalModels */; };
		4F7C2DD1A05DE290340D29D0 /* KnockKnockMemoryShadow.framework in Embed Frameworks */ = {isa = PBXBuildFile; fileRef = 4D6BCD636619C3A6E582CF49 /* KnockKnockMemoryShadow.framework */; settings = {ATTRIBUTES = (CodeSignOnCopy, RemoveHeadersOnCopy, ); }; };
		509EA255FF77D9E628190707 /* MemoryShadowRuntime.swift in Sources */ = {isa = PBXBuildFile; fileRef = 45D956BEA96B9ADE04E082A6 /* MemoryShadowRuntime.swift */; };
		51C2DF8CD2A8E251B9247B67 /* LocalVoiceCommandCoordinator.swift in Sources */ = {isa = PBXBuildFile; fileRef = BD705554BEBFA130F3F1E4A6 /* LocalVoiceCommandCoordinator.swift */; };
		5D69C0721BBAFFE9B69A7424 /* KnockKnockMemoryShadow.framework in Frameworks */ = {isa = PBXBuildFile; fileRef = 4D6BCD636619C3A6E582CF49 /* KnockKnockMemoryShadow.framework */; };
		619A392EFD430A7F1479CFBD /* ReadOnlyMemoryShadowTests.swift in Sources */ = {isa = PBXBuildFile; fileRef = F68B1326BCB1ADD7EF8A7940 /* ReadOnlyMemoryShadowTests.swift */; };
		6E080537F813A6B4165CBB31 /* APIClient.swift in Sources */ = {isa = PBXBuildFile; fileRef = 7FFF4D3F41311E57CBB0335F /* APIClient.swift */; };
		720401804B43056F029C368F /* sherpa-onnx in Frameworks */ = {isa = PBXBuildFile; productRef = BB8D0EAA143F46B5F073CEE4 /* sherpa-onnx */; };
		75CB9F55826CD7A4136CBF0E /* MemoryShadowModels.swift in Sources */ = {isa = PBXBuildFile; fileRef = B30F51062856BA19E9021C36 /* MemoryShadowModels.swift */; };
		767CEBE086A544BAFB90358D /* MLXLMCommon in Frameworks */ = {isa = PBXBuildFile; productRef = 289745606630BED30189DD9D /* MLXLMCommon */; };
		77AB787BC7C6DB63A45B856B /* MLXLocalRuntimeQualificationTests.swift in Sources */ = {isa = PBXBuildFile; fileRef = 52E08AF777CCFD058B154D28 /* MLXLocalRuntimeQualificationTests.swift */; };
		791A02F6291122E43A1302B8 /* Assets.xcassets in Resources */ = {isa = PBXBuildFile; fileRef = 743C16B034EDDD0B1135C4D4 /* Assets.xcassets */; };
		79437CFF750C1C884D19DB78 /* LocalCommandEnvelopeCanonicalizer.swift in Sources */ = {isa = PBXBuildFile; fileRef = 6C104E4640CA3F92C1AA7360 /* LocalCommandEnvelopeCanonicalizer.swift */; };
		7DC56E6FE546F4CBC07CE55E /* AppDelegate.swift in Sources */ = {isa = PBXBuildFile; fileRef = 2E57AE4EFF7BDE36581D6F5B /* AppDelegate.swift */; };
		853D177248AFEEC192C7E5FD /* ReadOnlyMemoryShadowTests.swift in Sources */ = {isa = PBXBuildFile; fileRef = F68B1326BCB1ADD7EF8A7940 /* ReadOnlyMemoryShadowTests.swift */; };
		892B02385D6E002E669BBEFD /* ModelArtifactStoreTests.swift in Sources */ = {isa = PBXBuildFile; fileRef = 8FDA15A7F3CE1EA8C3074C86 /* ModelArtifactStoreTests.swift */; };
		8AE8C32B44D75BEB55918927 /* Models.swift in Sources */ = {isa = PBXBuildFile; fileRef = 8BEAF2F2CA23A5162A99B79E /* Models.swift */; };
		8C743AC4A87B763B131D28C0 /* VoiceCommandGoldenSet.v1.json in Resources */ = {isa = PBXBuildFile; fileRef = C6271CCE5FA7C494BBADEB9E /* VoiceCommandGoldenSet.v1.json */; };
		8E39FCC5139F5AA07C78C74F /* LocalVoiceCommandCoordinatorTests.swift in Sources */ = {isa = PBXBuildFile; fileRef = 9FD236C7A543804B27C041D4 /* LocalVoiceCommandCoordinatorTests.swift */; };
		8E6FFC0A2A52080B7FE4BF44 /* StructuredMemoryTests.swift in Sources */ = {isa = PBXBuildFile; fileRef = 604D304E23693E10C7435CEF /* StructuredMemoryTests.swift */; };
		92E68DB4901ECC95540F451B /* LocalVoiceCommandControllerTests.swift in Sources */ = {isa = PBXBuildFile; fileRef = FA82608CC7DEEE8B1ABB3BD0 /* LocalVoiceCommandControllerTests.swift */; };
		947A5352100E7CE1AF2E81B9 /* MultilingualE5ReadOnlyShadow.swift in Sources */ = {isa = PBXBuildFile; fileRef = DDE33EDD1BA083260F51B965 /* MultilingualE5ReadOnlyShadow.swift */; };
		9C5DFC85EC095ACB7BBFEDA7 /* KnockKnockMemoryShadow.framework in Embed Frameworks */ = {isa = PBXBuildFile; fileRef = 4D6BCD636619C3A6E582CF49 /* KnockKnockMemoryShadow.framework */; settings = {ATTRIBUTES = (CodeSignOnCopy, RemoveHeadersOnCopy, ); }; };
		9D2EB222D8959B3ABC19BF65 /* SenseVoiceQualificationTests.swift in Sources */ = {isa = PBXBuildFile; fileRef = BF2C728ACB72E6A978C36A25 /* SenseVoiceQualificationTests.swift */; };
		9FA19755096A4E54EBA5098E /* SpeechAnalyzerOnDeviceTranscriber.swift in Sources */ = {isa = PBXBuildFile; fileRef = 47773DB941E7546B7E4FB446 /* SpeechAnalyzerOnDeviceTranscriber.swift */; };
		A17DC2B4DBF67D961CE4EBDE /* AppStore.swift in Sources */ = {isa = PBXBuildFile; fileRef = 7D395F5693E39802D84A2DE0 /* AppStore.swift */; };
		A4544A8FFC54B214A7FD146D /* MLXHuggingFace in Frameworks */ = {isa = PBXBuildFile; productRef = ABD3B55DCC4B3505A0CCE0F7 /* MLXHuggingFace */; };
		A4F7B8446C4AAAC4DE5C5037 /* NotificationDiagnostics.swift in Sources */ = {isa = PBXBuildFile; fileRef = C4A3102CC0FD64B33E8C6512 /* NotificationDiagnostics.swift */; };
		AB4332BD6D136A8495BEBB90 /* BackgroundRemoteNotificationTests.swift in Sources */ = {isa = PBXBuildFile; fileRef = 2CB02D354785B86D2132126E /* BackgroundRemoteNotificationTests.swift */; };
		AC159FFDCFFDB705F180E7FC /* VoiceCommandGoldenSet.v1.json in Resources */ = {isa = PBXBuildFile; fileRef = C6271CCE5FA7C494BBADEB9E /* VoiceCommandGoldenSet.v1.json */; };
		AEDC410F052B164D84D87293 /* MLXLMCommon in Frameworks */ = {isa = PBXBuildFile; productRef = 76CE53617766DC3D267BF58E /* MLXLMCommon */; };
		B008650A594C298E52098E25 /* VoiceActivityDetectorTests.swift in Sources */ = {isa = PBXBuildFile; fileRef = 9F323B1159699C0C4BA9C7B7 /* VoiceActivityDetectorTests.swift */; };
		B049614B0D5B76A5CAEFD5FC /* RootView.swift in Sources */ = {isa = PBXBuildFile; fileRef = D3B75AF8190D9C92C0C3CD6F /* RootView.swift */; };
		B1B062007E2513FCDBEB44E8 /* MLX in Frameworks */ = {isa = PBXBuildFile; productRef = 1B747653EC58873992B4D681 /* MLX */; };
		B278634CF6E53367F111175A /* MLX in Frameworks */ = {isa = PBXBuildFile; productRef = 5021597347E15C7DA4C11832 /* MLX */; };
		B3277BA8FD3F8482DEC64AF6 /* MLXLLM in Frameworks */ = {isa = PBXBuildFile; productRef = EE23D266A40669E30A3FCCF5 /* MLXLLM */; };
		B4FE287C30FBAA073FAF97B6 /* LocalCommandEnvelopeCanonicalizerTests.swift in Sources */ = {isa = PBXBuildFile; fileRef = 9D0AFE1014DA172AD7A6CBB1 /* LocalCommandEnvelopeCanonicalizerTests.swift */; };
		B54A196A01253803D329A965 /* BackendCommandPresentationTests.swift in Sources */ = {isa = PBXBuildFile; fileRef = CFB5EA120329E5E293186C82 /* BackendCommandPresentationTests.swift */; };
		B66F44D9924FCA96165204C5 /* MemoryShadowEvaluating.swift in Sources */ = {isa = PBXBuildFile; fileRef = 46787E23A5AD3021FB79CD0C /* MemoryShadowEvaluating.swift */; };
		B6EE338B122BEFCD34260BB1 /* KnockKnockMemoryShadow.framework in Embed Frameworks */ = {isa = PBXBuildFile; fileRef = 4D6BCD636619C3A6E582CF49 /* KnockKnockMemoryShadow.framework */; settings = {ATTRIBUTES = (CodeSignOnCopy, RemoveHeadersOnCopy, ); }; };
		B86DC8C720324F769A5973B0 /* MLXLMCommon in Frameworks */ = {isa = PBXBuildFile; productRef = FFB1D6CD48DC61AF831A5102 /* MLXLMCommon */; };
		C0C08D2DE6E9A140CC5C3D0D /* VoiceAgentBridgeApp.swift in Sources */ = {isa = PBXBuildFile; fileRef = 19C24F29A3BD81FEBD216B85 /* VoiceAgentBridgeApp.swift */; };
		D15FBECCAEF15DBCDA8518FD /* CommandEnvelope.swift in Sources */ = {isa = PBXBuildFile; fileRef = 81C6F2A72F342A9A5510EDCC /* CommandEnvelope.swift */; };
		D2038495C4EBF169D1A78340 /* MLXLocalRuntimeQualificationTests.swift in Sources */ = {isa = PBXBuildFile; fileRef = 52E08AF777CCFD058B154D28 /* MLXLocalRuntimeQualificationTests.swift */; };
		D61B88B3BE0BD9DA99369089 /* Tokenizers in Frameworks */ = {isa = PBXBuildFile; productRef = AA1A99ED8E04CD902FAE5A44 /* Tokenizers */; };
		D67A0D02BDB75DA24BC6B8DE /* LocalVoiceCommandController.swift in Sources */ = {isa = PBXBuildFile; fileRef = A99A0C0747DF715EF6BCBDAB /* LocalVoiceCommandController.swift */; };
		D797B0AAAFE28211BD83A4CE /* Tokenizers in Frameworks */ = {isa = PBXBuildFile; productRef = 7FDE409CA235508F7371D6C5 /* Tokenizers */; };
		DD38742C3FF1E2A935E168AE /* BackendCommandPresentation.swift in Sources */ = {isa = PBXBuildFile; fileRef = 4F8290B1E64F0BF7AD39B005 /* BackendCommandPresentation.swift */; };
		E2447F87472E7495FA3007F4 /* MLXHuggingFace in Frameworks */ = {isa = PBXBuildFile; productRef = 86461683A9099414051735D8 /* MLXHuggingFace */; };
		E34883AB45A105A7E6650CE4 /* ModelArtifactStore.swift in Sources */ = {isa = PBXBuildFile; fileRef = 74BA2D4358CF12E52878DF32 /* ModelArtifactStore.swift */; };
		E65B93B71284AD22011D2A56 /* PushToTalkVoiceCapture.swift in Sources */ = {isa = PBXBuildFile; fileRef = 21A90A73DCC95DB21B1ACFAB /* PushToTalkVoiceCapture.swift */; };
		E833A7A65F2F41858C9D8B7E /* VoiceActivityDetector.swift in Sources */ = {isa = PBXBuildFile; fileRef = E1F5D54469C09BABC5815B20 /* VoiceActivityDetector.swift */; };
		E911D89D682D5A7F2854FC10 /* MLXHuggingFace in Frameworks */ = {isa = PBXBuildFile; productRef = A21F3D1D1ABEF91D5D4E4152 /* MLXHuggingFace */; };
		EA8E5D0187231C6D66134257 /* MLX in Frameworks */ = {isa = PBXBuildFile; productRef = 32D1A8A47E75BDD576585FB2 /* MLX */; };
		ED479B861FB157F82CEEB734 /* LocalModels in Resources */ = {isa = PBXBuildFile; fileRef = 7D6506CA198DBE45F2D414C5 /* LocalModels */; };
		F0BF3EE3A752C8CA3AC03C81 /* VoiceLanguageRoutingPolicyTests.swift in Sources */ = {isa = PBXBuildFile; fileRef = 28408E45AF85490E27B9BACF /* VoiceLanguageRoutingPolicyTests.swift */; };
		F417CDE6A0B171958F18C435 /* VoiceAudioDatasetV2Tests.swift in Sources */ = {isa = PBXBuildFile; fileRef = C657EA03DB560A56B274FB80 /* VoiceAudioDatasetV2Tests.swift */; };
		FB3182B40BD8376D018FA41C /* LocalVoiceAdapters.swift in Sources */ = {isa = PBXBuildFile; fileRef = 9321642D5AEBE9EEEB69A6AF /* LocalVoiceAdapters.swift */; };
		FC13A9BB8781C1225C57D961 /* KnockKnockMemoryShadow.framework in Frameworks */ = {isa = PBXBuildFile; fileRef = 4D6BCD636619C3A6E582CF49 /* KnockKnockMemoryShadow.framework */; };
/* End PBXBuildFile section */

/* Begin PBXContainerItemProxy section */
		1558986A802EF536443AFD40 /* PBXContainerItemProxy */ = {
			isa = PBXContainerItemProxy;
			containerPortal = 04D5438232F1B050E05FECD4 /* Project object */;
			proxyType = 1;
			remoteGlobalIDString = 0E36A30064658614471A5628;
			remoteInfo = KnockKnockMemoryShadow;
		};
		1A91564D5DD72D830E9CAD7B /* PBXContainerItemProxy */ = {
			isa = PBXContainerItemProxy;
			containerPortal = 04D5438232F1B050E05FECD4 /* Project object */;
			proxyType = 1;
			remoteGlobalIDString = 95B2F73CA8EAD5AB4E6FF270;
			remoteInfo = VoiceAgentBridge;
		};
		1C0E428200E42F5ED70B4D07 /* PBXContainerItemProxy */ = {
			isa = PBXContainerItemProxy;
			containerPortal = 04D5438232F1B050E05FECD4 /* Project object */;
			proxyType = 1;
			remoteGlobalIDString = 0E36A30064658614471A5628;
			remoteInfo = KnockKnockMemoryShadow;
		};
		42EB5A437F9FF069E18830A5 /* PBXContainerItemProxy */ = {
			isa = PBXContainerItemProxy;
			containerPortal = 04D5438232F1B050E05FECD4 /* Project object */;
			proxyType = 1;
			remoteGlobalIDString = 95B2F73CA8EAD5AB4E6FF270;
			remoteInfo = VoiceAgentBridge;
		};
		64BD6BB2DAEC2DA7CF8B5237 /* PBXContainerItemProxy */ = {
			isa = PBXContainerItemProxy;
			containerPortal = 04D5438232F1B050E05FECD4 /* Project object */;
			proxyType = 1;
			remoteGlobalIDString = 95B2F73CA8EAD5AB4E6FF270;
			remoteInfo = VoiceAgentBridge;
		};
		829B631F53985A5A2F919D3E /* PBXContainerItemProxy */ = {
			isa = PBXContainerItemProxy;
			containerPortal = 04D5438232F1B050E05FECD4 /* Project object */;
			proxyType = 1;
			remoteGlobalIDString = 0E36A30064658614471A5628;
			remoteInfo = KnockKnockMemoryShadow;
		};
		83C43CCD28AB040F86B646A0 /* PBXContainerItemProxy */ = {
			isa = PBXContainerItemProxy;
			containerPortal = 04D5438232F1B050E05FECD4 /* Project object */;
			proxyType = 1;
			remoteGlobalIDString = 95B2F73CA8EAD5AB4E6FF270;
			remoteInfo = VoiceAgentBridge;
		};
		A83632EAD01C32C15EF0E794 /* PBXContainerItemProxy */ = {
			isa = PBXContainerItemProxy;
			containerPortal = 04D5438232F1B050E05FECD4 /* Project object */;
			proxyType = 1;
			remoteGlobalIDString = 95B2F73CA8EAD5AB4E6FF270;
			remoteInfo = VoiceAgentBridge;
		};
/* End PBXContainerItemProxy section */

/* Begin PBXCopyFilesBuildPhase section */
		A48D738D95FA2932ED484045 /* Embed Frameworks */ = {
			isa = PBXCopyFilesBuildPhase;
			buildActionMask = 2147483647;
			dstPath = "";
			dstSubfolderSpec = 10;
			files = (
				B6EE338B122BEFCD34260BB1 /* KnockKnockMemoryShadow.framework in Embed Frameworks */,
			);
			name = "Embed Frameworks";
			runOnlyForDeploymentPostprocessing = 0;
		};
		F099E9B37BA436588CEE6B91 /* Embed Frameworks */ = {
			isa = PBXCopyFilesBuildPhase;
			buildActionMask = 2147483647;
			dstPath = "";
			dstSubfolderSpec = 10;
			files = (
				9C5DFC85EC095ACB7BBFEDA7 /* KnockKnockMemoryShadow.framework in Embed Frameworks */,
			);
			name = "Embed Frameworks";
			runOnlyForDeploymentPostprocessing = 0;
		};
		FAD437DB3F18B01950825743 /* Embed Frameworks */ = {
			isa = PBXCopyFilesBuildPhase;
			buildActionMask = 2147483647;
			dstPath = "";
			dstSubfolderSpec = 10;
			files = (
				4F7C2DD1A05DE290340D29D0 /* KnockKnockMemoryShadow.framework in Embed Frameworks */,
			);
			name = "Embed Frameworks";
			runOnlyForDeploymentPostprocessing = 0;
		};
/* End PBXCopyFilesBuildPhase section */

/* Begin PBXFileReference section */
		013445EAA35AD08B39780F35 /* LiteRTLM */ = {isa = PBXFileReference; lastKnownFileType = folder; name = LiteRTLM; path = ThirdParty/LiteRTLM; sourceTree = SOURCE_ROOT; };
		149CAFF91FDC8612C25406DD /* ModelManifest.swift */ = {isa = PBXFileReference; lastKnownFileType = sourcecode.swift; path = ModelManifest.swift; sourceTree = "<group>"; };
		19C24F29A3BD81FEBD216B85 /* VoiceAgentBridgeApp.swift */ = {isa = PBXFileReference; lastKnownFileType = sourcecode.swift; path = VoiceAgentBridgeApp.swift; sourceTree = "<group>"; };
		21A90A73DCC95DB21B1ACFAB /* PushToTalkVoiceCapture.swift */ = {isa = PBXFileReference; lastKnownFileType = sourcecode.swift; path = PushToTalkVoiceCapture.swift; sourceTree = "<group>"; };
		28408E45AF85490E27B9BACF /* VoiceLanguageRoutingPolicyTests.swift */ = {isa = PBXFileReference; lastKnownFileType = sourcecode.swift; path = VoiceLanguageRoutingPolicyTests.swift; sourceTree = "<group>"; };
		2CB02D354785B86D2132126E /* BackgroundRemoteNotificationTests.swift */ = {isa = PBXFileReference; lastKnownFileType = sourcecode.swift; path = BackgroundRemoteNotificationTests.swift; sourceTree = "<group>"; };
		2E57AE4EFF7BDE36581D6F5B /* AppDelegate.swift */ = {isa = PBXFileReference; lastKnownFileType = sourcecode.swift; path = AppDelegate.swift; sourceTree = "<group>"; };
		302E856E2F847031E3C1C228 /* VoiceAgentBridgeSenseVoiceTests.xctest */ = {isa = PBXFileReference; includeInIndex = 0; lastKnownFileType = wrapper.cfbundle; path = VoiceAgentBridgeSenseVoiceTests.xctest; sourceTree = BUILT_PRODUCTS_DIR; };
		32DC4074DC9D2EA6A41D3174 /* VoiceAgentBridgeTests.xctest */ = {isa = PBXFileReference; includeInIndex = 0; lastKnownFileType = wrapper.cfbundle; path = VoiceAgentBridgeTests.xctest; sourceTree = BUILT_PRODUCTS_DIR; };
		3595E8A4AF7E21EAE30D6879 /* ModelsDecodingTests.swift */ = {isa = PBXFileReference; lastKnownFileType = sourcecode.swift; path = ModelsDecodingTests.swift; sourceTree = "<group>"; };
		45D956BEA96B9ADE04E082A6 /* MemoryShadowRuntime.swift */ = {isa = PBXFileReference; lastKnownFileType = sourcecode.swift; path = MemoryShadowRuntime.swift; sourceTree = "<group>"; };
		46787E23A5AD3021FB79CD0C /* MemoryShadowEvaluating.swift */ = {isa = PBXFileReference; lastKnownFileType = sourcecode.swift; path = MemoryShadowEvaluating.swift; sourceTree = "<group>"; };
		47773DB941E7546B7E4FB446 /* SpeechAnalyzerOnDeviceTranscriber.swift */ = {isa = PBXFileReference; lastKnownFileType = sourcecode.swift; path = SpeechAnalyzerOnDeviceTranscriber.swift; sourceTree = "<group>"; };
		4D30B279968994BB440B903C /* VoiceAgentBridgeUITests.swift */ = {isa = PBXFileReference; lastKnownFileType = sourcecode.swift; path = VoiceAgentBridgeUITests.swift; sourceTree = "<group>"; };
		4D6BCD636619C3A6E582CF49 /* KnockKnockMemoryShadow.framework */ = {isa = PBXFileReference; explicitFileType = wrapper.framework; includeInIndex = 0; path = KnockKnockMemoryShadow.framework; sourceTree = BUILT_PRODUCTS_DIR; };
		4F8290B1E64F0BF7AD39B005 /* BackendCommandPresentation.swift */ = {isa = PBXFileReference; lastKnownFileType = sourcecode.swift; path = BackendCommandPresentation.swift; sourceTree = "<group>"; };
		52E08AF777CCFD058B154D28 /* MLXLocalRuntimeQualificationTests.swift */ = {isa = PBXFileReference; lastKnownFileType = sourcecode.swift; path = MLXLocalRuntimeQualificationTests.swift; sourceTree = "<group>"; };
		5A8C292E2E86149C5183D6F7 /* ProductionViews.swift */ = {isa = PBXFileReference; lastKnownFileType = sourcecode.swift; path = ProductionViews.swift; sourceTree = "<group>"; };
		604D304E23693E10C7435CEF /* StructuredMemoryTests.swift */ = {isa = PBXFileReference; lastKnownFileType = sourcecode.swift; path = StructuredMemoryTests.swift; sourceTree = "<group>"; };
		6C104E4640CA3F92C1AA7360 /* LocalCommandEnvelopeCanonicalizer.swift */ = {isa = PBXFileReference; lastKnownFileType = sourcecode.swift; path = LocalCommandEnvelopeCanonicalizer.swift; sourceTree = "<group>"; };
		6C527516AC8F001B6D28D20A /* ControlledFieldExtraction.swift */ = {isa = PBXFileReference; lastKnownFileType = sourcecode.swift; path = ControlledFieldExtraction.swift; sourceTree = "<group>"; };
		702971A67B4C464BAD29C2BF /* LocalVoiceModelManager.swift */ = {isa = PBXFileReference; lastKnownFileType = sourcecode.swift; path = LocalVoiceModelManager.swift; sourceTree = "<group>"; };
		743C16B034EDDD0B1135C4D4 /* Assets.xcassets */ = {isa = PBXFileReference; lastKnownFileType = folder.assetcatalog; path = Assets.xcassets; sourceTree = "<group>"; };
		74BA2D4358CF12E52878DF32 /* ModelArtifactStore.swift */ = {isa = PBXFileReference; lastKnownFileType = sourcecode.swift; path = ModelArtifactStore.swift; sourceTree = "<group>"; };
		7C7AD1AA432BE939E245DA12 /* VoiceAgentBridgeUITests.xctest */ = {isa = PBXFileReference; includeInIndex = 0; lastKnownFileType = wrapper.cfbundle; path = VoiceAgentBridgeUITests.xctest; sourceTree = BUILT_PRODUCTS_DIR; };
		7D395F5693E39802D84A2DE0 /* AppStore.swift */ = {isa = PBXFileReference; lastKnownFileType = sourcecode.swift; path = AppStore.swift; sourceTree = "<group>"; };
		7D49A56708A5256649EFEAEF /* Info.plist */ = {isa = PBXFileReference; lastKnownFileType = text.plist; path = Info.plist; sourceTree = "<group>"; };
		7D6506CA198DBE45F2D414C5 /* LocalModels */ = {isa = PBXFileReference; lastKnownFileType = folder; name = LocalModels; path = VoiceAgentBridgeMLXTests/LocalModels; sourceTree = SOURCE_ROOT; };
		7FFF4D3F41311E57CBB0335F /* APIClient.swift */ = {isa = PBXFileReference; lastKnownFileType = sourcecode.swift; path = APIClient.swift; sourceTree = "<group>"; };
		81C6F2A72F342A9A5510EDCC /* CommandEnvelope.swift */ = {isa = PBXFileReference; lastKnownFileType = sourcecode.swift; path = CommandEnvelope.swift; sourceTree = "<group>"; };
		85A72D800A0CF42BC69AD566 /* VoiceAgentBridgeGemma4Tests.xctest */ = {isa = PBXFileReference; includeInIndex = 0; lastKnownFileType = wrapper.cfbundle; path = VoiceAgentBridgeGemma4Tests.xctest; sourceTree = BUILT_PRODUCTS_DIR; };
		8A0FA7BC48E2BC3640609CEB /* SQLiteStore.swift */ = {isa = PBXFileReference; lastKnownFileType = sourcecode.swift; path = SQLiteStore.swift; sourceTree = "<group>"; };
		8BEAF2F2CA23A5162A99B79E /* Models.swift */ = {isa = PBXFileReference; lastKnownFileType = sourcecode.swift; path = Models.swift; sourceTree = "<group>"; };
		8FDA15A7F3CE1EA8C3074C86 /* ModelArtifactStoreTests.swift */ = {isa = PBXFileReference; lastKnownFileType = sourcecode.swift; path = ModelArtifactStoreTests.swift; sourceTree = "<group>"; };
		9321642D5AEBE9EEEB69A6AF /* LocalVoiceAdapters.swift */ = {isa = PBXFileReference; lastKnownFileType = sourcecode.swift; path = LocalVoiceAdapters.swift; sourceTree = "<group>"; };
		9C1D1AD3C4D5FC05095BE5A6 /* CommandEnvelopeTests.swift */ = {isa = PBXFileReference; lastKnownFileType = sourcecode.swift; path = CommandEnvelopeTests.swift; sourceTree = "<group>"; };
		9D0AFE1014DA172AD7A6CBB1 /* LocalCommandEnvelopeCanonicalizerTests.swift */ = {isa = PBXFileReference; lastKnownFileType = sourcecode.swift; path = LocalCommandEnvelopeCanonicalizerTests.swift; sourceTree = "<group>"; };
		9F323B1159699C0C4BA9C7B7 /* VoiceActivityDetectorTests.swift */ = {isa = PBXFileReference; lastKnownFileType = sourcecode.swift; path = VoiceActivityDetectorTests.swift; sourceTree = "<group>"; };
		9FD236C7A543804B27C041D4 /* LocalVoiceCommandCoordinatorTests.swift */ = {isa = PBXFileReference; lastKnownFileType = sourcecode.swift; path = LocalVoiceCommandCoordinatorTests.swift; sourceTree = "<group>"; };
		A1CB585C4D196C26E5F29DFC /* DemoConfig.swift */ = {isa = PBXFileReference; lastKnownFileType = sourcecode.swift; path = DemoConfig.swift; sourceTree = "<group>"; };
		A870B09F37E0388AC4950D5C /* VoiceAgentBridge.entitlements */ = {isa = PBXFileReference; lastKnownFileType = text.plist.entitlements; path = VoiceAgentBridge.entitlements; sourceTree = "<group>"; };
		A99A0C0747DF715EF6BCBDAB /* LocalVoiceCommandController.swift */ = {isa = PBXFileReference; lastKnownFileType = sourcecode.swift; path = LocalVoiceCommandController.swift; sourceTree = "<group>"; };
		AA717EF03B5C5EAB9F24A65F /* VoiceCommandGoldenSetTests.swift */ = {isa = PBXFileReference; lastKnownFileType = sourcecode.swift; path = VoiceCommandGoldenSetTests.swift; sourceTree = "<group>"; };
		B30F51062856BA19E9021C36 /* MemoryShadowModels.swift */ = {isa = PBXFileReference; lastKnownFileType = sourcecode.swift; path = MemoryShadowModels.swift; sourceTree = "<group>"; };
		BA15AA96F79F6DA091129FC5 /* VoiceLanguageRoutingPolicy.swift */ = {isa = PBXFileReference; lastKnownFileType = sourcecode.swift; path = VoiceLanguageRoutingPolicy.swift; sourceTree = "<group>"; };
		BD705554BEBFA130F3F1E4A6 /* LocalVoiceCommandCoordinator.swift */ = {isa = PBXFileReference; lastKnownFileType = sourcecode.swift; path = LocalVoiceCommandCoordinator.swift; sourceTree = "<group>"; };
		BF2C728ACB72E6A978C36A25 /* SenseVoiceQualificationTests.swift */ = {isa = PBXFileReference; lastKnownFileType = sourcecode.swift; path = SenseVoiceQualificationTests.swift; sourceTree = "<group>"; };
		C4A3102CC0FD64B33E8C6512 /* NotificationDiagnostics.swift */ = {isa = PBXFileReference; lastKnownFileType = sourcecode.swift; path = NotificationDiagnostics.swift; sourceTree = "<group>"; };
		C6271CCE5FA7C494BBADEB9E /* VoiceCommandGoldenSet.v1.json */ = {isa = PBXFileReference; lastKnownFileType = text.json; path = VoiceCommandGoldenSet.v1.json; sourceTree = "<group>"; };
		C657EA03DB560A56B274FB80 /* VoiceAudioDatasetV2Tests.swift */ = {isa = PBXFileReference; lastKnownFileType = sourcecode.swift; path = VoiceAudioDatasetV2Tests.swift; sourceTree = "<group>"; };
		CA7AFE6E7C8C2AE763D83A56 /* VoiceAgentBridgeMLXTests.xctest */ = {isa = PBXFileReference; includeInIndex = 0; lastKnownFileType = wrapper.cfbundle; path = VoiceAgentBridgeMLXTests.xctest; sourceTree = BUILT_PRODUCTS_DIR; };
		CFB5EA120329E5E293186C82 /* BackendCommandPresentationTests.swift */ = {isa = PBXFileReference; lastKnownFileType = sourcecode.swift; path = BackendCommandPresentationTests.swift; sourceTree = "<group>"; };
		D3B75AF8190D9C92C0C3CD6F /* RootView.swift */ = {isa = PBXFileReference; lastKnownFileType = sourcecode.swift; path = RootView.swift; sourceTree = "<group>"; };
		DDE33EDD1BA083260F51B965 /* MultilingualE5ReadOnlyShadow.swift */ = {isa = PBXFileReference; lastKnownFileType = sourcecode.swift; path = MultilingualE5ReadOnlyShadow.swift; sourceTree = "<group>"; };
		E1F5D54469C09BABC5815B20 /* VoiceActivityDetector.swift */ = {isa = PBXFileReference; lastKnownFileType = sourcecode.swift; path = VoiceActivityDetector.swift; sourceTree = "<group>"; };
		E961F8A69AB7D6BDE901A076 /* CommandResponseTests.swift */ = {isa = PBXFileReference; lastKnownFileType = sourcecode.swift; path = CommandResponseTests.swift; sourceTree = "<group>"; };
		F68B1326BCB1ADD7EF8A7940 /* ReadOnlyMemoryShadowTests.swift */ = {isa = PBXFileReference; lastKnownFileType = sourcecode.swift; path = ReadOnlyMemoryShadowTests.swift; sourceTree = "<group>"; };
		F8DC36F4DC3FC22E51EEAD47 /* ControlledFieldExtractionTests.swift */ = {isa = PBXFileReference; lastKnownFileType = sourcecode.swift; path = ControlledFieldExtractionTests.swift; sourceTree = "<group>"; };
		FA82608CC7DEEE8B1ABB3BD0 /* LocalVoiceCommandControllerTests.swift */ = {isa = PBXFileReference; lastKnownFileType = sourcecode.swift; path = LocalVoiceCommandControllerTests.swift; sourceTree = "<group>"; };
		FB51484FA608CC2A692E7A0B /* VoiceAgentBridge.app */ = {isa = PBXFileReference; includeInIndex = 0; lastKnownFileType = wrapper.application; path = VoiceAgentBridge.app; sourceTree = BUILT_PRODUCTS_DIR; };
		FCF7CB1D4DEEC850EDE664F2 /* ModelManifestTests.swift */ = {isa = PBXFileReference; lastKnownFileType = sourcecode.swift; path = ModelManifestTests.swift; sourceTree = "<group>"; };
/* End PBXFileReference section */

/* Begin PBXFrameworksBuildPhase section */
		2BC8A1BB41DC93E960B6A0FB /* Frameworks */ = {
			isa = PBXFrameworksBuildPhase;
			buildActionMask = 2147483647;
			files = (
				5D69C0721BBAFFE9B69A7424 /* KnockKnockMemoryShadow.framework in Frameworks */,
				EA8E5D0187231C6D66134257 /* MLX in Frameworks */,
				0A6931420DD0D10247B897CF /* MLXEmbedders in Frameworks */,
				03FB82A9C9179F54492BEB68 /* MLXLLM in Frameworks */,
				AEDC410F052B164D84D87293 /* MLXLMCommon in Frameworks */,
				E911D89D682D5A7F2854FC10 /* MLXHuggingFace in Frameworks */,
				D61B88B3BE0BD9DA99369089 /* Tokenizers in Frameworks */,
			);
			runOnlyForDeploymentPostprocessing = 0;
		};
		BA3429187CFB97C7EDB91EF7 /* Frameworks */ = {
			isa = PBXFrameworksBuildPhase;
			buildActionMask = 2147483647;
			files = (
				B278634CF6E53367F111175A /* MLX in Frameworks */,
				27157DD518C3A3864DDFC1FD /* MLXEmbedders in Frameworks */,
				B86DC8C720324F769A5973B0 /* MLXLMCommon in Frameworks */,
				E2447F87472E7495FA3007F4 /* MLXHuggingFace in Frameworks */,
				D797B0AAAFE28211BD83A4CE /* Tokenizers in Frameworks */,
			);
			runOnlyForDeploymentPostprocessing = 0;
		};
		DC747F5189602CC56CE9DAB6 /* Frameworks */ = {
			isa = PBXFrameworksBuildPhase;
			buildActionMask = 2147483647;
			files = (
				FC13A9BB8781C1225C57D961 /* KnockKnockMemoryShadow.framework in Frameworks */,
				B1B062007E2513FCDBEB44E8 /* MLX in Frameworks */,
				10849153B5DB75110F3130B8 /* MLXEmbedders in Frameworks */,
				B3277BA8FD3F8482DEC64AF6 /* MLXLLM in Frameworks */,
				767CEBE086A544BAFB90358D /* MLXLMCommon in Frameworks */,
				A4544A8FFC54B214A7FD146D /* MLXHuggingFace in Frameworks */,
				203689135B185FB76B97F1FD /* Tokenizers in Frameworks */,
			);
			runOnlyForDeploymentPostprocessing = 0;
		};
		EA22C1F5CB60EC7BDC19362B /* Frameworks */ = {
			isa = PBXFrameworksBuildPhase;
			buildActionMask = 2147483647;
			files = (
				050EE8ABC331146D8FE7CD65 /* LiteRTLM in Frameworks */,
			);
			runOnlyForDeploymentPostprocessing = 0;
		};
		EC2213164821032D3886F85C /* Frameworks */ = {
			isa = PBXFrameworksBuildPhase;
			buildActionMask = 2147483647;
			files = (
				720401804B43056F029C368F /* sherpa-onnx in Frameworks */,
			);
			runOnlyForDeploymentPostprocessing = 0;
		};
/* End PBXFrameworksBuildPhase section */

/* Begin PBXGroup section */
		01BDE7BCB4EC37A83A188B29 /* VoiceAgentBridgeSenseVoiceTests */ = {
			isa = PBXGroup;
			children = (
				BF2C728ACB72E6A978C36A25 /* SenseVoiceQualificationTests.swift */,
			);
			path = VoiceAgentBridgeSenseVoiceTests;
			sourceTree = "<group>";
		};
		0468E8690A41473FE4548D43 = {
			isa = PBXGroup;
			children = (
				205BA2C53F46F06F752DF8F8 /* KnockKnockMemoryShadow */,
				81A1F34DAB5170F4C70B923F /* Packages */,
				2B954E283BFA591894598998 /* VoiceAgentBridge */,
				BD9AD92F0AA31AE9AB689016 /* VoiceAgentBridgeMLXTests */,
				01BDE7BCB4EC37A83A188B29 /* VoiceAgentBridgeSenseVoiceTests */,
				2A70FF0079F783B3E78FA5A2 /* VoiceAgentBridgeTests */,
				95B01F585F4E19FD6A9213E0 /* VoiceAgentBridgeUITests */,
				FF7EB3BAB2C0E30249C42E67 /* Products */,
			);
			sourceTree = "<group>";
		};
		195AE10A781B28B58A5294DD /* Voice */ = {
			isa = PBXGroup;
			children = (
				4F8290B1E64F0BF7AD39B005 /* BackendCommandPresentation.swift */,
				81C6F2A72F342A9A5510EDCC /* CommandEnvelope.swift */,
				6C527516AC8F001B6D28D20A /* ControlledFieldExtraction.swift */,
				6C104E4640CA3F92C1AA7360 /* LocalCommandEnvelopeCanonicalizer.swift */,
				9321642D5AEBE9EEEB69A6AF /* LocalVoiceAdapters.swift */,
				A99A0C0747DF715EF6BCBDAB /* LocalVoiceCommandController.swift */,
				BD705554BEBFA130F3F1E4A6 /* LocalVoiceCommandCoordinator.swift */,
				702971A67B4C464BAD29C2BF /* LocalVoiceModelManager.swift */,
				74BA2D4358CF12E52878DF32 /* ModelArtifactStore.swift */,
				149CAFF91FDC8612C25406DD /* ModelManifest.swift */,
				21A90A73DCC95DB21B1ACFAB /* PushToTalkVoiceCapture.swift */,
				47773DB941E7546B7E4FB446 /* SpeechAnalyzerOnDeviceTranscriber.swift */,
				E1F5D54469C09BABC5815B20 /* VoiceActivityDetector.swift */,
				BA15AA96F79F6DA091129FC5 /* VoiceLanguageRoutingPolicy.swift */,
			);
			path = Voice;
			sourceTree = "<group>";
		};
		205BA2C53F46F06F752DF8F8 /* KnockKnockMemoryShadow */ = {
			isa = PBXGroup;
			children = (
				B30F51062856BA19E9021C36 /* MemoryShadowModels.swift */,
				45D956BEA96B9ADE04E082A6 /* MemoryShadowRuntime.swift */,
				DDE33EDD1BA083260F51B965 /* MultilingualE5ReadOnlyShadow.swift */,
			);
			path = KnockKnockMemoryShadow;
			sourceTree = "<group>";
		};
		233B325916C56939B842A1AB /* MemoryShadow */ = {
			isa = PBXGroup;
			children = (
				46787E23A5AD3021FB79CD0C /* MemoryShadowEvaluating.swift */,
			);
			path = MemoryShadow;
			sourceTree = "<group>";
		};
		2A70FF0079F783B3E78FA5A2 /* VoiceAgentBridgeTests */ = {
			isa = PBXGroup;
			children = (
				CFB5EA120329E5E293186C82 /* BackendCommandPresentationTests.swift */,
				2CB02D354785B86D2132126E /* BackgroundRemoteNotificationTests.swift */,
				9C1D1AD3C4D5FC05095BE5A6 /* CommandEnvelopeTests.swift */,
				E961F8A69AB7D6BDE901A076 /* CommandResponseTests.swift */,
				F8DC36F4DC3FC22E51EEAD47 /* ControlledFieldExtractionTests.swift */,
				9D0AFE1014DA172AD7A6CBB1 /* LocalCommandEnvelopeCanonicalizerTests.swift */,
				FA82608CC7DEEE8B1ABB3BD0 /* LocalVoiceCommandControllerTests.swift */,
				9FD236C7A543804B27C041D4 /* LocalVoiceCommandCoordinatorTests.swift */,
				8FDA15A7F3CE1EA8C3074C86 /* ModelArtifactStoreTests.swift */,
				FCF7CB1D4DEEC850EDE664F2 /* ModelManifestTests.swift */,
				3595E8A4AF7E21EAE30D6879 /* ModelsDecodingTests.swift */,
				604D304E23693E10C7435CEF /* StructuredMemoryTests.swift */,
				9F323B1159699C0C4BA9C7B7 /* VoiceActivityDetectorTests.swift */,
				C657EA03DB560A56B274FB80 /* VoiceAudioDatasetV2Tests.swift */,
				AA717EF03B5C5EAB9F24A65F /* VoiceCommandGoldenSetTests.swift */,
				28408E45AF85490E27B9BACF /* VoiceLanguageRoutingPolicyTests.swift */,
				9F1F7D838868646999BFBF67 /* Fixtures */,
			);
			path = VoiceAgentBridgeTests;
			sourceTree = "<group>";
		};
		2B954E283BFA591894598998 /* VoiceAgentBridge */ = {
			isa = PBXGroup;
			children = (
				7FFF4D3F41311E57CBB0335F /* APIClient.swift */,
				2E57AE4EFF7BDE36581D6F5B /* AppDelegate.swift */,
				7D395F5693E39802D84A2DE0 /* AppStore.swift */,
				743C16B034EDDD0B1135C4D4 /* Assets.xcassets */,
				A1CB585C4D196C26E5F29DFC /* DemoConfig.swift */,
				7D49A56708A5256649EFEAEF /* Info.plist */,
				8BEAF2F2CA23A5162A99B79E /* Models.swift */,
				C4A3102CC0FD64B33E8C6512 /* NotificationDiagnostics.swift */,
				5A8C292E2E86149C5183D6F7 /* ProductionViews.swift */,
				D3B75AF8190D9C92C0C3CD6F /* RootView.swift */,
				8A0FA7BC48E2BC3640609CEB /* SQLiteStore.swift */,
				A870B09F37E0388AC4950D5C /* VoiceAgentBridge.entitlements */,
				19C24F29A3BD81FEBD216B85 /* VoiceAgentBridgeApp.swift */,
				233B325916C56939B842A1AB /* MemoryShadow */,
				195AE10A781B28B58A5294DD /* Voice */,
			);
			path = VoiceAgentBridge;
			sourceTree = "<group>";
		};
		81A1F34DAB5170F4C70B923F /* Packages */ = {
			isa = PBXGroup;
			children = (
				013445EAA35AD08B39780F35 /* LiteRTLM */,
			);
			name = Packages;
			sourceTree = "<group>";
		};
		95B01F585F4E19FD6A9213E0 /* VoiceAgentBridgeUITests */ = {
			isa = PBXGroup;
			children = (
				4D30B279968994BB440B903C /* VoiceAgentBridgeUITests.swift */,
			);
			path = VoiceAgentBridgeUITests;
			sourceTree = "<group>";
		};
		9F1F7D838868646999BFBF67 /* Fixtures */ = {
			isa = PBXGroup;
			children = (
				C6271CCE5FA7C494BBADEB9E /* VoiceCommandGoldenSet.v1.json */,
			);
			path = Fixtures;
			sourceTree = "<group>";
		};
		BD9AD92F0AA31AE9AB689016 /* VoiceAgentBridgeMLXTests */ = {
			isa = PBXGroup;
			children = (
				7D6506CA198DBE45F2D414C5 /* LocalModels */,
				52E08AF777CCFD058B154D28 /* MLXLocalRuntimeQualificationTests.swift */,
				F68B1326BCB1ADD7EF8A7940 /* ReadOnlyMemoryShadowTests.swift */,
			);
			path = VoiceAgentBridgeMLXTests;
			sourceTree = "<group>";
		};
		FF7EB3BAB2C0E30249C42E67 /* Products */ = {
			isa = PBXGroup;
			children = (
				4D6BCD636619C3A6E582CF49 /* KnockKnockMemoryShadow.framework */,
				FB51484FA608CC2A692E7A0B /* VoiceAgentBridge.app */,
				85A72D800A0CF42BC69AD566 /* VoiceAgentBridgeGemma4Tests.xctest */,
				CA7AFE6E7C8C2AE763D83A56 /* VoiceAgentBridgeMLXTests.xctest */,
				302E856E2F847031E3C1C228 /* VoiceAgentBridgeSenseVoiceTests.xctest */,
				32DC4074DC9D2EA6A41D3174 /* VoiceAgentBridgeTests.xctest */,
				7C7AD1AA432BE939E245DA12 /* VoiceAgentBridgeUITests.xctest */,
			);
			name = Products;
			sourceTree = "<group>";
		};
/* End PBXGroup section */

/* Begin PBXNativeTarget section */
		0145FD9B4A66B1721C15B279 /* VoiceAgentBridgeMLXTests */ = {
			isa = PBXNativeTarget;
			buildConfigurationList = 96236CBB36A92A20E3CCE684 /* Build configuration list for PBXNativeTarget "VoiceAgentBridgeMLXTests" */;
			buildPhases = (
				5F0AA2FCC4D1FABC948F511A /* Sources */,
				D5563C4AFD9613F987A8A8A4 /* Resources */,
				2BC8A1BB41DC93E960B6A0FB /* Frameworks */,
				F099E9B37BA436588CEE6B91 /* Embed Frameworks */,
			);
			buildRules = (
			);
			dependencies = (
				8CB21C09171D499695B71102 /* PBXTargetDependency */,
				E49F0FB7F5E0189C3626856D /* PBXTargetDependency */,
			);
			name = VoiceAgentBridgeMLXTests;
			packageProductDependencies = (
				32D1A8A47E75BDD576585FB2 /* MLX */,
				FB21DA517F98ECE42D2221BE /* MLXEmbedders */,
				D8B617978EF36B5E5AA1FFB6 /* MLXLLM */,
				76CE53617766DC3D267BF58E /* MLXLMCommon */,
				A21F3D1D1ABEF91D5D4E4152 /* MLXHuggingFace */,
				AA1A99ED8E04CD902FAE5A44 /* Tokenizers */,
			);
			productName = VoiceAgentBridgeMLXTests;
			productReference = CA7AFE6E7C8C2AE763D83A56 /* VoiceAgentBridgeMLXTests.xctest */;
			productType = "com.apple.product-type.bundle.unit-test";
		};
		0E36A30064658614471A5628 /* KnockKnockMemoryShadow */ = {
			isa = PBXNativeTarget;
			buildConfigurationList = F8347DCF82DCE300AEE0A11E /* Build configuration list for PBXNativeTarget "KnockKnockMemoryShadow" */;
			buildPhases = (
				8D5C702E3E4A9039061835A9 /* Sources */,
				BA3429187CFB97C7EDB91EF7 /* Frameworks */,
			);
			buildRules = (
			);
			dependencies = (
			);
			name = KnockKnockMemoryShadow;
			packageProductDependencies = (
				5021597347E15C7DA4C11832 /* MLX */,
				917AD5C9710B0560352A7ADA /* MLXEmbedders */,
				FFB1D6CD48DC61AF831A5102 /* MLXLMCommon */,
				86461683A9099414051735D8 /* MLXHuggingFace */,
				7FDE409CA235508F7371D6C5 /* Tokenizers */,
			);
			productName = KnockKnockMemoryShadow;
			productReference = 4D6BCD636619C3A6E582CF49 /* KnockKnockMemoryShadow.framework */;
			productType = "com.apple.product-type.framework";
		};
		88316352B2D23303A8BD9E7C /* VoiceAgentBridgeUITests */ = {
			isa = PBXNativeTarget;
			buildConfigurationList = 940FF2FB1C07A5FE254CF136 /* Build configuration list for PBXNativeTarget "VoiceAgentBridgeUITests" */;
			buildPhases = (
				D69DC0760613678504A26371 /* Sources */,
			);
			buildRules = (
			);
			dependencies = (
				2EEE1DCFBD17753B16B024C3 /* PBXTargetDependency */,
			);
			name = VoiceAgentBridgeUITests;
			packageProductDependencies = (
			);
			productName = VoiceAgentBridgeUITests;
			productReference = 7C7AD1AA432BE939E245DA12 /* VoiceAgentBridgeUITests.xctest */;
			productType = "com.apple.product-type.bundle.ui-testing";
		};
		95B2F73CA8EAD5AB4E6FF270 /* VoiceAgentBridge */ = {
			isa = PBXNativeTarget;
			buildConfigurationList = A557707B699BFE740750E368 /* Build configuration list for PBXNativeTarget "VoiceAgentBridge" */;
			buildPhases = (
				3EED9C08FD36CE5C8D6031C2 /* Validate Release Voice Model Trust Key */,
				CDC1A2F54D008E423C8D5E36 /* Sources */,
				698D81D2DA8EBF5746CEECF5 /* Resources */,
				EA22C1F5CB60EC7BDC19362B /* Frameworks */,
				FAD437DB3F18B01950825743 /* Embed Frameworks */,
				EE83814AEC0EA690529C7192 /* Copy E5 weights for Debug shadow */,
				259C7E9885C850F6C00379DD /* Strip MLX shadow framework from Release */,
			);
			buildRules = (
			);
			dependencies = (
				3940A713FC8C560FEB93EEE4 /* PBXTargetDependency */,
			);
			name = VoiceAgentBridge;
			packageProductDependencies = (
				0B3495CAC37DE7BB71C40B44 /* LiteRTLM */,
			);
			productName = VoiceAgentBridge;
			productReference = FB51484FA608CC2A692E7A0B /* VoiceAgentBridge.app */;
			productType = "com.apple.product-type.application";
		};
		C1014640451ADE67F8E70780 /* VoiceAgentBridgeTests */ = {
			isa = PBXNativeTarget;
			buildConfigurationList = 0BE386BF9A903A143CA2EF41 /* Build configuration list for PBXNativeTarget "VoiceAgentBridgeTests" */;
			buildPhases = (
				2E8812C7188D9D138DD60CF3 /* Sources */,
				CAE19B25791BF881753DE06F /* Resources */,
			);
			buildRules = (
			);
			dependencies = (
				7122A97DEC207257046040DE /* PBXTargetDependency */,
			);
			name = VoiceAgentBridgeTests;
			packageProductDependencies = (
			);
			productName = VoiceAgentBridgeTests;
			productReference = 32DC4074DC9D2EA6A41D3174 /* VoiceAgentBridgeTests.xctest */;
			productType = "com.apple.product-type.bundle.unit-test";
		};
		C73E1EDEE46E11C940E86B46 /* VoiceAgentBridgeSenseVoiceTests */ = {
			isa = PBXNativeTarget;
			buildConfigurationList = DE5C7A65DFC23B25F9562F4B /* Build configuration list for PBXNativeTarget "VoiceAgentBridgeSenseVoiceTests" */;
			buildPhases = (
				F9AEE5C5002D0628BD803A81 /* Sources */,
				EC2213164821032D3886F85C /* Frameworks */,
			);
			buildRules = (
			);
			dependencies = (
				BE94793650C530BC32A3AFE0 /* PBXTargetDependency */,
			);
			name = VoiceAgentBridgeSenseVoiceTests;
			packageProductDependencies = (
				BB8D0EAA143F46B5F073CEE4 /* sherpa-onnx */,
			);
			productName = VoiceAgentBridgeSenseVoiceTests;
			productReference = 302E856E2F847031E3C1C228 /* VoiceAgentBridgeSenseVoiceTests.xctest */;
			productType = "com.apple.product-type.bundle.unit-test";
		};
		C92518EE656D0AFC38BD6B69 /* VoiceAgentBridgeGemma4Tests */ = {
			isa = PBXNativeTarget;
			buildConfigurationList = ED08BEDD6C2B75D65B584A7C /* Build configuration list for PBXNativeTarget "VoiceAgentBridgeGemma4Tests" */;
			buildPhases = (
				9A2D207687039A110C0B8C6B /* Sources */,
				BF4712B08624BDFED9A7A18E /* Resources */,
				DC747F5189602CC56CE9DAB6 /* Frameworks */,
				A48D738D95FA2932ED484045 /* Embed Frameworks */,
			);
			buildRules = (
			);
			dependencies = (
				82CF6C783E174990FF9B9582 /* PBXTargetDependency */,
				546AC39AA0434EC2E43F061A /* PBXTargetDependency */,
			);
			name = VoiceAgentBridgeGemma4Tests;
			packageProductDependencies = (
				1B747653EC58873992B4D681 /* MLX */,
				35EB6AEE0EBE29EE058C886A /* MLXEmbedders */,
				EE23D266A40669E30A3FCCF5 /* MLXLLM */,
				289745606630BED30189DD9D /* MLXLMCommon */,
				ABD3B55DCC4B3505A0CCE0F7 /* MLXHuggingFace */,
				BF92056474B3E292A67125F3 /* Tokenizers */,
			);
			productName = VoiceAgentBridgeGemma4Tests;
			productReference = 85A72D800A0CF42BC69AD566 /* VoiceAgentBridgeGemma4Tests.xctest */;
			productType = "com.apple.product-type.bundle.unit-test";
		};
/* End PBXNativeTarget section */

/* Begin PBXProject section */
		04D5438232F1B050E05FECD4 /* Project object */ = {
			isa = PBXProject;
			attributes = {
				BuildIndependentTargetsInParallel = YES;
				LastUpgradeCheck = 1600;
				TargetAttributes = {
					0145FD9B4A66B1721C15B279 = {
						DevelopmentTeam = TXKDW2YS44;
						ProvisioningStyle = Automatic;
					};
					0E36A30064658614471A5628 = {
						DevelopmentTeam = TXKDW2YS44;
						ProvisioningStyle = Automatic;
					};
					88316352B2D23303A8BD9E7C = {
						DevelopmentTeam = TXKDW2YS44;
						ProvisioningStyle = Automatic;
						TestTargetID = 95B2F73CA8EAD5AB4E6FF270;
					};
					95B2F73CA8EAD5AB4E6FF270 = {
						DevelopmentTeam = TXKDW2YS44;
						ProvisioningStyle = Automatic;
					};
					C1014640451ADE67F8E70780 = {
						DevelopmentTeam = TXKDW2YS44;
						ProvisioningStyle = Automatic;
					};
					C73E1EDEE46E11C940E86B46 = {
						DevelopmentTeam = TXKDW2YS44;
						ProvisioningStyle = Automatic;
					};
					C92518EE656D0AFC38BD6B69 = {
						DevelopmentTeam = TXKDW2YS44;
						ProvisioningStyle = Automatic;
					};
				};
			};
			buildConfigurationList = 1E45D20FE80F77518CAE900D /* Build configuration list for PBXProject "VoiceAgentBridge" */;
			developmentRegion = en;
			hasScannedForEncodings = 0;
			knownRegions = (
				Base,
				en,
			);
			mainGroup = 0468E8690A41473FE4548D43;
			minimizedProjectReferenceProxies = 1;
			packageReferences = (
				F2FDAF62B1EBCF2590931A63 /* XCRemoteSwiftPackageReference "mlx-swift" */,
				FA4CEF8514A0CC312D70CCFB /* XCRemoteSwiftPackageReference "mlx-swift-lm" */,
				C520E033C52B2C12FC3A95C8 /* XCRemoteSwiftPackageReference "sherpa-onnx" */,
				17255F53AE1B03B1670614B2 /* XCRemoteSwiftPackageReference "swift-transformers" */,
				EC84E6938DD4BD1E205AD2EB /* XCLocalSwiftPackageReference "ThirdParty/LiteRTLM" */,
			);
			preferredProjectObjectVersion = 77;
			productRefGroup = FF7EB3BAB2C0E30249C42E67 /* Products */;
			projectDirPath = "";
			projectRoot = "";
			targets = (
				0E36A30064658614471A5628 /* KnockKnockMemoryShadow */,
				95B2F73CA8EAD5AB4E6FF270 /* VoiceAgentBridge */,
				C92518EE656D0AFC38BD6B69 /* VoiceAgentBridgeGemma4Tests */,
				0145FD9B4A66B1721C15B279 /* VoiceAgentBridgeMLXTests */,
				C73E1EDEE46E11C940E86B46 /* VoiceAgentBridgeSenseVoiceTests */,
				C1014640451ADE67F8E70780 /* VoiceAgentBridgeTests */,
				88316352B2D23303A8BD9E7C /* VoiceAgentBridgeUITests */,
			);
		};
/* End PBXProject section */

/* Begin PBXResourcesBuildPhase section */
		698D81D2DA8EBF5746CEECF5 /* Resources */ = {
			isa = PBXResourcesBuildPhase;
			buildActionMask = 2147483647;
			files = (
				791A02F6291122E43A1302B8 /* Assets.xcassets in Resources */,
			);
			runOnlyForDeploymentPostprocessing = 0;
		};
		BF4712B08624BDFED9A7A18E /* Resources */ = {
			isa = PBXResourcesBuildPhase;
			buildActionMask = 2147483647;
			files = (
				4F784F2BC0F9C2472B39E34A /* LocalModels in Resources */,
				8C743AC4A87B763B131D28C0 /* VoiceCommandGoldenSet.v1.json in Resources */,
			);
			runOnlyForDeploymentPostprocessing = 0;
		};
		CAE19B25791BF881753DE06F /* Resources */ = {
			isa = PBXResourcesBuildPhase;
			buildActionMask = 2147483647;
			files = (
				24BC3078277BDE7AB878D378 /* VoiceCommandGoldenSet.v1.json in Resources */,
			);
			runOnlyForDeploymentPostprocessing = 0;
		};
		D5563C4AFD9613F987A8A8A4 /* Resources */ = {
			isa = PBXResourcesBuildPhase;
			buildActionMask = 2147483647;
			files = (
				ED479B861FB157F82CEEB734 /* LocalModels in Resources */,
				AC159FFDCFFDB705F180E7FC /* VoiceCommandGoldenSet.v1.json in Resources */,
			);
			runOnlyForDeploymentPostprocessing = 0;
		};
/* End PBXResourcesBuildPhase section */

/* Begin PBXShellScriptBuildPhase section */
		259C7E9885C850F6C00379DD /* Strip MLX shadow framework from Release */ = {
			isa = PBXShellScriptBuildPhase;
			alwaysOutOfDate = 1;
			buildActionMask = 2147483647;
			files = (
			);
			inputFileListPaths = (
			);
			inputPaths = (
			);
			name = "Strip MLX shadow framework from Release";
			outputFileListPaths = (
			);
			outputPaths = (
			);
			runOnlyForDeploymentPostprocessing = 0;
			shellPath = /bin/sh;
			shellScript = "if [ \"${CONFIGURATION}\" != \"Release\" ]; then\n  exit 0\nfi\nFRAMEWORK=\"${TARGET_BUILD_DIR}/${FRAMEWORKS_FOLDER_PATH}/KnockKnockMemoryShadow.framework\"\nWEIGHTS=\"${TARGET_BUILD_DIR}/${UNLOCALIZED_RESOURCES_FOLDER_PATH}/e5-small\"\nrm -rf \"${FRAMEWORK}\" \"${WEIGHTS}\"\nif [ -d \"${FRAMEWORK}\" ]; then\n  echo \"error: Release still contains KnockKnockMemoryShadow.framework\" >&2\n  exit 1\nfi\nif [ -d \"${WEIGHTS}\" ]; then\n  echo \"error: Release still contains e5-small weights\" >&2\n  exit 1\nfi\n";
		};
		3EED9C08FD36CE5C8D6031C2 /* Validate Release Voice Model Trust Key */ = {
			isa = PBXShellScriptBuildPhase;
			alwaysOutOfDate = 1;
			buildActionMask = 2147483647;
			files = (
			);
			inputFileListPaths = (
			);
			inputPaths = (
			);
			name = "Validate Release Voice Model Trust Key";
			outputFileListPaths = (
			);
			outputPaths = (
			);
			runOnlyForDeploymentPostprocessing = 0;
			shellPath = /bin/sh;
			shellScript = "\"${SRCROOT}/../../scripts/validate-ios-release-model-key.sh\"\n";
		};
		EE83814AEC0EA690529C7192 /* Copy E5 weights for Debug shadow */ = {
			isa = PBXShellScriptBuildPhase;
			alwaysOutOfDate = 1;
			buildActionMask = 2147483647;
			files = (
			);
			inputFileListPaths = (
			);
			inputPaths = (
			);
			name = "Copy E5 weights for Debug shadow";
			outputFileListPaths = (
			);
			outputPaths = (
			);
			runOnlyForDeploymentPostprocessing = 0;
			shellPath = /bin/sh;
			shellScript = "if [ \"${CONFIGURATION}\" = \"Release\" ] || [ \"${KNOCK_SKIP_E5_COPY:-}\" = \"YES\" ] || [ \"${KNOCK_SKIP_E5_COPY:-}\" = \"1\" ]; then\n  exit 0\nfi\nSRC=\"${SRCROOT}/VoiceAgentBridgeMLXTests/LocalModels/e5-small\"\nif [ ! -d \"${SRC}\" ]; then\n  exit 0\nfi\nDEST=\"${TARGET_BUILD_DIR}/${UNLOCALIZED_RESOURCES_FOLDER_PATH}/e5-small\"\nmkdir -p \"${DEST}\"\nrsync -a \"${SRC}/\" \"${DEST}/\"\n";
		};
/* End PBXShellScriptBuildPhase section */

/* Begin PBXSourcesBuildPhase section */
		2E8812C7188D9D138DD60CF3 /* Sources */ = {
			isa = PBXSourcesBuildPhase;
			buildActionMask = 2147483647;
			files = (
				B54A196A01253803D329A965 /* BackendCommandPresentationTests.swift in Sources */,
				AB4332BD6D136A8495BEBB90 /* BackgroundRemoteNotificationTests.swift in Sources */,
				49795404D433FEBEB093D31C /* CommandEnvelopeTests.swift in Sources */,
				25641E57D673CB29E940845B /* CommandResponseTests.swift in Sources */,
				4D243E13460133345395AA04 /* ControlledFieldExtractionTests.swift in Sources */,
				B4FE287C30FBAA073FAF97B6 /* LocalCommandEnvelopeCanonicalizerTests.swift in Sources */,
				92E68DB4901ECC95540F451B /* LocalVoiceCommandControllerTests.swift in Sources */,
				8E39FCC5139F5AA07C78C74F /* LocalVoiceCommandCoordinatorTests.swift in Sources */,
				892B02385D6E002E669BBEFD /* ModelArtifactStoreTests.swift in Sources */,
				0FF7B9A0DFFFA31708F1A95D /* ModelManifestTests.swift in Sources */,
				2EE756E3BB3E391BDAC57087 /* ModelsDecodingTests.swift in Sources */,
				8E6FFC0A2A52080B7FE4BF44 /* StructuredMemoryTests.swift in Sources */,
				B008650A594C298E52098E25 /* VoiceActivityDetectorTests.swift in Sources */,
				F417CDE6A0B171958F18C435 /* VoiceAudioDatasetV2Tests.swift in Sources */,
				473DFF05EA882A4B4398A88B /* VoiceCommandGoldenSetTests.swift in Sources */,
				F0BF3EE3A752C8CA3AC03C81 /* VoiceLanguageRoutingPolicyTests.swift in Sources */,
			);
			runOnlyForDeploymentPostprocessing = 0;
		};
		5F0AA2FCC4D1FABC948F511A /* Sources */ = {
			isa = PBXSourcesBuildPhase;
			buildActionMask = 2147483647;
			files = (
				D2038495C4EBF169D1A78340 /* MLXLocalRuntimeQualificationTests.swift in Sources */,
				853D177248AFEEC192C7E5FD /* ReadOnlyMemoryShadowTests.swift in Sources */,
			);
			runOnlyForDeploymentPostprocessing = 0;
		};
		8D5C702E3E4A9039061835A9 /* Sources */ = {
			isa = PBXSourcesBuildPhase;
			buildActionMask = 2147483647;
			files = (
				75CB9F55826CD7A4136CBF0E /* MemoryShadowModels.swift in Sources */,
				509EA255FF77D9E628190707 /* MemoryShadowRuntime.swift in Sources */,
				947A5352100E7CE1AF2E81B9 /* MultilingualE5ReadOnlyShadow.swift in Sources */,
			);
			runOnlyForDeploymentPostprocessing = 0;
		};
		9A2D207687039A110C0B8C6B /* Sources */ = {
			isa = PBXSourcesBuildPhase;
			buildActionMask = 2147483647;
			files = (
				77AB787BC7C6DB63A45B856B /* MLXLocalRuntimeQualificationTests.swift in Sources */,
				619A392EFD430A7F1479CFBD /* ReadOnlyMemoryShadowTests.swift in Sources */,
			);
			runOnlyForDeploymentPostprocessing = 0;
		};
		CDC1A2F54D008E423C8D5E36 /* Sources */ = {
			isa = PBXSourcesBuildPhase;
			buildActionMask = 2147483647;
			files = (
				6E080537F813A6B4165CBB31 /* APIClient.swift in Sources */,
				7DC56E6FE546F4CBC07CE55E /* AppDelegate.swift in Sources */,
				A17DC2B4DBF67D961CE4EBDE /* AppStore.swift in Sources */,
				DD38742C3FF1E2A935E168AE /* BackendCommandPresentation.swift in Sources */,
				D15FBECCAEF15DBCDA8518FD /* CommandEnvelope.swift in Sources */,
				1C09684A2B56E1AAA5CC0BE4 /* ControlledFieldExtraction.swift in Sources */,
				2114B9779C001BA980B4E436 /* DemoConfig.swift in Sources */,
				79437CFF750C1C884D19DB78 /* LocalCommandEnvelopeCanonicalizer.swift in Sources */,
				FB3182B40BD8376D018FA41C /* LocalVoiceAdapters.swift in Sources */,
				D67A0D02BDB75DA24BC6B8DE /* LocalVoiceCommandController.swift in Sources */,
				51C2DF8CD2A8E251B9247B67 /* LocalVoiceCommandCoordinator.swift in Sources */,
				431E50C47EA9942550BABB6C /* LocalVoiceModelManager.swift in Sources */,
				B66F44D9924FCA96165204C5 /* MemoryShadowEvaluating.swift in Sources */,
				E34883AB45A105A7E6650CE4 /* ModelArtifactStore.swift in Sources */,
				0D93D157788A40A948DCF6E2 /* ModelManifest.swift in Sources */,
				8AE8C32B44D75BEB55918927 /* Models.swift in Sources */,
				A4F7B8446C4AAAC4DE5C5037 /* NotificationDiagnostics.swift in Sources */,
				137762B8BE34597AEC835FE1 /* ProductionViews.swift in Sources */,
				E65B93B71284AD22011D2A56 /* PushToTalkVoiceCapture.swift in Sources */,
				B049614B0D5B76A5CAEFD5FC /* RootView.swift in Sources */,
				34FAB929C103E28E82FE1816 /* SQLiteStore.swift in Sources */,
				9FA19755096A4E54EBA5098E /* SpeechAnalyzerOnDeviceTranscriber.swift in Sources */,
				E833A7A65F2F41858C9D8B7E /* VoiceActivityDetector.swift in Sources */,
				C0C08D2DE6E9A140CC5C3D0D /* VoiceAgentBridgeApp.swift in Sources */,
				3BC3B873563D6D40048D0CD4 /* VoiceLanguageRoutingPolicy.swift in Sources */,
			);
			runOnlyForDeploymentPostprocessing = 0;
		};
		D69DC0760613678504A26371 /* Sources */ = {
			isa = PBXSourcesBuildPhase;
			buildActionMask = 2147483647;
			files = (
				076FADC6BA10C0B686162DAC /* VoiceAgentBridgeUITests.swift in Sources */,
			);
			runOnlyForDeploymentPostprocessing = 0;
		};
		F9AEE5C5002D0628BD803A81 /* Sources */ = {
			isa = PBXSourcesBuildPhase;
			buildActionMask = 2147483647;
			files = (
				9D2EB222D8959B3ABC19BF65 /* SenseVoiceQualificationTests.swift in Sources */,
			);
			runOnlyForDeploymentPostprocessing = 0;
		};
/* End PBXSourcesBuildPhase section */

/* Begin PBXTargetDependency section */
		2EEE1DCFBD17753B16B024C3 /* PBXTargetDependency */ = {
			isa = PBXTargetDependency;
			target = 95B2F73CA8EAD5AB4E6FF270 /* VoiceAgentBridge */;
			targetProxy = A83632EAD01C32C15EF0E794 /* PBXContainerItemProxy */;
		};
		3940A713FC8C560FEB93EEE4 /* PBXTargetDependency */ = {
			isa = PBXTargetDependency;
			target = 0E36A30064658614471A5628 /* KnockKnockMemoryShadow */;
			targetProxy = 1558986A802EF536443AFD40 /* PBXContainerItemProxy */;
		};
		546AC39AA0434EC2E43F061A /* PBXTargetDependency */ = {
			isa = PBXTargetDependency;
			target = 0E36A30064658614471A5628 /* KnockKnockMemoryShadow */;
			targetProxy = 1C0E428200E42F5ED70B4D07 /* PBXContainerItemProxy */;
		};
		7122A97DEC207257046040DE /* PBXTargetDependency */ = {
			isa = PBXTargetDependency;
			target = 95B2F73CA8EAD5AB4E6FF270 /* VoiceAgentBridge */;
			targetProxy = 42EB5A437F9FF069E18830A5 /* PBXContainerItemProxy */;
		};
		82CF6C783E174990FF9B9582 /* PBXTargetDependency */ = {
			isa = PBXTargetDependency;
			target = 95B2F73CA8EAD5AB4E6FF270 /* VoiceAgentBridge */;
			targetProxy = 64BD6BB2DAEC2DA7CF8B5237 /* PBXContainerItemProxy */;
		};
		8CB21C09171D499695B71102 /* PBXTargetDependency */ = {
			isa = PBXTargetDependency;
			target = 95B2F73CA8EAD5AB4E6FF270 /* VoiceAgentBridge */;
			targetProxy = 83C43CCD28AB040F86B646A0 /* PBXContainerItemProxy */;
		};
		BE94793650C530BC32A3AFE0 /* PBXTargetDependency */ = {
			isa = PBXTargetDependency;
			target = 95B2F73CA8EAD5AB4E6FF270 /* VoiceAgentBridge */;
			targetProxy = 1A91564D5DD72D830E9CAD7B /* PBXContainerItemProxy */;
		};
		E49F0FB7F5E0189C3626856D /* PBXTargetDependency */ = {
			isa = PBXTargetDependency;
			target = 0E36A30064658614471A5628 /* KnockKnockMemoryShadow */;
			targetProxy = 829B631F53985A5A2F919D3E /* PBXContainerItemProxy */;
		};
/* End PBXTargetDependency section */

/* Begin XCBuildConfiguration section */
		016306626058D41F8A69E475 /* Debug */ = {
			isa = XCBuildConfiguration;
			buildSettings = {
				BUNDLE_LOADER = "$(TEST_HOST)";
				DEVELOPMENT_TEAM = TXKDW2YS44;
				GENERATE_INFOPLIST_FILE = YES;
				LD_RUNPATH_SEARCH_PATHS = (
					"$(inherited)",
					"@executable_path/Frameworks",
					"@loader_path/Frameworks",
				);
				PRODUCT_BUNDLE_IDENTIFIER = hk.knockknock.app.uitests;
				SDKROOT = iphoneos;
				TARGETED_DEVICE_FAMILY = "1,2";
				TEST_TARGET_NAME = VoiceAgentBridge;
			};
			name = Debug;
		};
		09668AD42BB18C69AEEBA474 /* Staging */ = {
			isa = XCBuildConfiguration;
			buildSettings = {
				BUNDLE_LOADER = "$(TEST_HOST)";
				DEVELOPMENT_TEAM = TXKDW2YS44;
				GENERATE_INFOPLIST_FILE = YES;
				IPHONEOS_DEPLOYMENT_TARGET = 15.0;
				LD_RUNPATH_SEARCH_PATHS = (
					"$(inherited)",
					"@executable_path/Frameworks",
					"@loader_path/Frameworks",
				);
				PRODUCT_BUNDLE_IDENTIFIER = "hk.knockknock.app.sensevoice-tests";
				SDKROOT = iphoneos;
				TARGETED_DEVICE_FAMILY = "1,2";
				TEST_HOST = "$(BUILT_PRODUCTS_DIR)/VoiceAgentBridge.app/VoiceAgentBridge";
			};
			name = Staging;
		};
		0FA1368A22DF31CE5CC466C9 /* Staging */ = {
			isa = XCBuildConfiguration;
			buildSettings = {
				BUNDLE_LOADER = "$(TEST_HOST)";
				DEVELOPMENT_TEAM = TXKDW2YS44;
				GENERATE_INFOPLIST_FILE = YES;
				IPHONEOS_DEPLOYMENT_TARGET = 17.0;
				LD_RUNPATH_SEARCH_PATHS = (
					"$(inherited)",
					"@executable_path/Frameworks",
					"@loader_path/Frameworks",
				);
				PRODUCT_BUNDLE_IDENTIFIER = "hk.knockknock.app.gemma4-tests";
				SDKROOT = iphoneos;
				TARGETED_DEVICE_FAMILY = "1,2";
				TEST_HOST = "$(BUILT_PRODUCTS_DIR)/VoiceAgentBridge.app/VoiceAgentBridge";
			};
			name = Staging;
		};
		1D25E5F448355487F4EB5331 /* Debug */ = {
			isa = XCBuildConfiguration;
			buildSettings = {
				BUNDLE_LOADER = "$(TEST_HOST)";
				DEVELOPMENT_TEAM = TXKDW2YS44;
				GENERATE_INFOPLIST_FILE = YES;
				LD_RUNPATH_SEARCH_PATHS = (
					"$(inherited)",
					"@executable_path/Frameworks",
					"@loader_path/Frameworks",
				);
				PRODUCT_BUNDLE_IDENTIFIER = hk.knockknock.app.tests;
				SDKROOT = iphoneos;
				TARGETED_DEVICE_FAMILY = "1,2";
				TEST_HOST = "$(BUILT_PRODUCTS_DIR)/VoiceAgentBridge.app/VoiceAgentBridge";
			};
			name = Debug;
		};
		2103C9B06A914A095118EF38 /* Release */ = {
			isa = XCBuildConfiguration;
			buildSettings = {
				BUNDLE_LOADER = "$(TEST_HOST)";
				DEVELOPMENT_TEAM = TXKDW2YS44;
				GENERATE_INFOPLIST_FILE = YES;
				IPHONEOS_DEPLOYMENT_TARGET = 17.0;
				LD_RUNPATH_SEARCH_PATHS = (
					"$(inherited)",
					"@executable_path/Frameworks",
					"@loader_path/Frameworks",
				);
				PRODUCT_BUNDLE_IDENTIFIER = "hk.knockknock.app.gemma4-tests";
				SDKROOT = iphoneos;
				TARGETED_DEVICE_FAMILY = "1,2";
				TEST_HOST = "$(BUILT_PRODUCTS_DIR)/VoiceAgentBridge.app/VoiceAgentBridge";
			};
			name = Release;
		};
		22623BFB9A3D811D97F46629 /* Debug */ = {
			isa = XCBuildConfiguration;
			buildSettings = {
				ALWAYS_SEARCH_USER_PATHS = NO;
				APS_ENVIRONMENT = development;
				CLANG_ANALYZER_NONNULL = YES;
				CLANG_ANALYZER_NUMBER_OBJECT_CONVERSION = YES_AGGRESSIVE;
				CLANG_CXX_LANGUAGE_STANDARD = "gnu++14";
				CLANG_CXX_LIBRARY = "libc++";
				CLANG_ENABLE_MODULES = YES;
				CLANG_ENABLE_OBJC_ARC = YES;
				CLANG_ENABLE_OBJC_WEAK = YES;
				CLANG_WARN_BLOCK_CAPTURE_AUTORELEASING = YES;
				CLANG_WARN_BOOL_CONVERSION = YES;
				CLANG_WARN_COMMA = YES;
				CLANG_WARN_CONSTANT_CONVERSION = YES;
				CLANG_WARN_DEPRECATED_OBJC_IMPLEMENTATIONS = YES;
				CLANG_WARN_DIRECT_OBJC_ISA_USAGE = YES_ERROR;
				CLANG_WARN_DOCUMENTATION_COMMENTS = YES;
				CLANG_WARN_EMPTY_BODY = YES;
				CLANG_WARN_ENUM_CONVERSION = YES;
				CLANG_WARN_INFINITE_RECURSION = YES;
				CLANG_WARN_INT_CONVERSION = YES;
				CLANG_WARN_NON_LITERAL_NULL_CONVERSION = YES;
				CLANG_WARN_OBJC_IMPLICIT_RETAIN_SELF = YES;
				CLANG_WARN_OBJC_LITERAL_CONVERSION = YES;
				CLANG_WARN_OBJC_ROOT_CLASS = YES_ERROR;
				CLANG_WARN_QUOTED_INCLUDE_IN_FRAMEWORK_HEADER = YES;
				CLANG_WARN_RANGE_LOOP_ANALYSIS = YES;
				CLANG_WARN_STRICT_PROTOTYPES = YES;
				CLANG_WARN_SUSPICIOUS_MOVE = YES;
				CLANG_WARN_UNGUARDED_AVAILABILITY = YES_AGGRESSIVE;
				CLANG_WARN_UNREACHABLE_CODE = YES;
				CLANG_WARN__DUPLICATE_METHOD_MATCH = YES;
				CODE_SIGN_IDENTITY = "Apple Development";
				CODE_SIGN_STYLE = Automatic;
				COPY_PHASE_STRIP = NO;
				CURRENT_PROJECT_VERSION = 27;
				DEBUG_INFORMATION_FORMAT = dwarf;
				ENABLE_STRICT_OBJC_MSGSEND = YES;
				ENABLE_TESTABILITY = YES;
				GCC_C_LANGUAGE_STANDARD = gnu11;
				GCC_DYNAMIC_NO_PIC = NO;
				GCC_NO_COMMON_BLOCKS = YES;
				GCC_OPTIMIZATION_LEVEL = 0;
				GCC_PREPROCESSOR_DEFINITIONS = (
					"$(inherited)",
					"DEBUG=1",
				);
				GCC_WARN_64_TO_32_BIT_CONVERSION = YES;
				GCC_WARN_ABOUT_RETURN_TYPE = YES_ERROR;
				GCC_WARN_UNDECLARED_SELECTOR = YES;
				GCC_WARN_UNINITIALIZED_AUTOS = YES_AGGRESSIVE;
				GCC_WARN_UNUSED_FUNCTION = YES;
				GCC_WARN_UNUSED_VARIABLE = YES;
				IPHONEOS_DEPLOYMENT_TARGET = 15.0;
				KNOCK_API_BASE_URL = "";
				KNOCK_MODEL_PUBLIC_KEY_BASE64 = "";
				MARKETING_VERSION = 0.1.0;
				MTL_ENABLE_DEBUG_INFO = INCLUDE_SOURCE;
				MTL_FAST_MATH = YES;
				ONLY_ACTIVE_ARCH = YES;
				PRODUCT_NAME = "$(TARGET_NAME)";
				SDKROOT = iphoneos;
				SWIFT_ACTIVE_COMPILATION_CONDITIONS = DEBUG;
				SWIFT_OPTIMIZATION_LEVEL = "-Onone";
				SWIFT_VERSION = 5.0;
			};
			name = Debug;
		};
		2D17610244E0429ABE2B812A /* Release */ = {
			isa = XCBuildConfiguration;
			buildSettings = {
				ASSETCATALOG_COMPILER_APPICON_NAME = AppIcon;
				CODE_SIGN_ENTITLEMENTS = VoiceAgentBridge/VoiceAgentBridge.entitlements;
				CODE_SIGN_IDENTITY = "Apple Distribution";
				CODE_SIGN_STYLE = Automatic;
				DEVELOPMENT_TEAM = TXKDW2YS44;
				GENERATE_INFOPLIST_FILE = NO;
				INFOPLIST_FILE = VoiceAgentBridge/Info.plist;
				LD_RUNPATH_SEARCH_PATHS = (
					"$(inherited)",
					"@executable_path/Frameworks",
				);
				PRODUCT_BUNDLE_IDENTIFIER = hk.knockknock.app;
				SDKROOT = iphoneos;
				SUPPORTS_XR_DESIGNED_FOR_IPHONE_IPAD = NO;
				TARGETED_DEVICE_FAMILY = 1;
			};
			name = Release;
		};
		3C49F79818BCEFAFDD50991A /* Staging */ = {
			isa = XCBuildConfiguration;
			buildSettings = {
				BUNDLE_LOADER = "$(TEST_HOST)";
				DEVELOPMENT_TEAM = TXKDW2YS44;
				GENERATE_INFOPLIST_FILE = YES;
				IPHONEOS_DEPLOYMENT_TARGET = 17.0;
				LD_RUNPATH_SEARCH_PATHS = (
					"$(inherited)",
					"@executable_path/Frameworks",
					"@loader_path/Frameworks",
				);
				PRODUCT_BUNDLE_IDENTIFIER = hk.knockknock.app.tests;
				SDKROOT = iphoneos;
				TARGETED_DEVICE_FAMILY = "1,2";
				TEST_HOST = "$(BUILT_PRODUCTS_DIR)/VoiceAgentBridge.app/VoiceAgentBridge";
			};
			name = Staging;
		};
		417A32BC6840573D2D009671 /* Debug */ = {
			isa = XCBuildConfiguration;
			buildSettings = {
				BUNDLE_LOADER = "$(TEST_HOST)";
				DEVELOPMENT_TEAM = TXKDW2YS44;
				GENERATE_INFOPLIST_FILE = YES;
				IPHONEOS_DEPLOYMENT_TARGET = 15.0;
				LD_RUNPATH_SEARCH_PATHS = (
					"$(inherited)",
					"@executable_path/Frameworks",
					"@loader_path/Frameworks",
				);
				PRODUCT_BUNDLE_IDENTIFIER = "hk.knockknock.app.sensevoice-tests";
				SDKROOT = iphoneos;
				TARGETED_DEVICE_FAMILY = "1,2";
				TEST_HOST = "$(BUILT_PRODUCTS_DIR)/VoiceAgentBridge.app/VoiceAgentBridge";
			};
			name = Debug;
		};
		45116334036CB642AE9B21D9 /* Release */ = {
			isa = XCBuildConfiguration;
			buildSettings = {
				BUNDLE_LOADER = "$(TEST_HOST)";
				DEVELOPMENT_TEAM = TXKDW2YS44;
				GENERATE_INFOPLIST_FILE = YES;
				LD_RUNPATH_SEARCH_PATHS = (
					"$(inherited)",
					"@executable_path/Frameworks",
					"@loader_path/Frameworks",
				);
				PRODUCT_BUNDLE_IDENTIFIER = hk.knockknock.app.uitests;
				SDKROOT = iphoneos;
				TARGETED_DEVICE_FAMILY = "1,2";
				TEST_TARGET_NAME = VoiceAgentBridge;
			};
			name = Release;
		};
		5E5C183441E0D796C954E0FD /* Release */ = {
			isa = XCBuildConfiguration;
			buildSettings = {
				ALWAYS_SEARCH_USER_PATHS = NO;
				APS_ENVIRONMENT = production;
				CLANG_ANALYZER_NONNULL = YES;
				CLANG_ANALYZER_NUMBER_OBJECT_CONVERSION = YES_AGGRESSIVE;
				CLANG_CXX_LANGUAGE_STANDARD = "gnu++14";
				CLANG_CXX_LIBRARY = "libc++";
				CLANG_ENABLE_MODULES = YES;
				CLANG_ENABLE_OBJC_ARC = YES;
				CLANG_ENABLE_OBJC_WEAK = YES;
				CLANG_WARN_BLOCK_CAPTURE_AUTORELEASING = YES;
				CLANG_WARN_BOOL_CONVERSION = YES;
				CLANG_WARN_COMMA = YES;
				CLANG_WARN_CONSTANT_CONVERSION = YES;
				CLANG_WARN_DEPRECATED_OBJC_IMPLEMENTATIONS = YES;
				CLANG_WARN_DIRECT_OBJC_ISA_USAGE = YES_ERROR;
				CLANG_WARN_DOCUMENTATION_COMMENTS = YES;
				CLANG_WARN_EMPTY_BODY = YES;
				CLANG_WARN_ENUM_CONVERSION = YES;
				CLANG_WARN_INFINITE_RECURSION = YES;
				CLANG_WARN_INT_CONVERSION = YES;
				CLANG_WARN_NON_LITERAL_NULL_CONVERSION = YES;
				CLANG_WARN_OBJC_IMPLICIT_RETAIN_SELF = YES;
				CLANG_WARN_OBJC_LITERAL_CONVERSION = YES;
				CLANG_WARN_OBJC_ROOT_CLASS = YES_ERROR;
				CLANG_WARN_QUOTED_INCLUDE_IN_FRAMEWORK_HEADER = YES;
				CLANG_WARN_RANGE_LOOP_ANALYSIS = YES;
				CLANG_WARN_STRICT_PROTOTYPES = YES;
				CLANG_WARN_SUSPICIOUS_MOVE = YES;
				CLANG_WARN_UNGUARDED_AVAILABILITY = YES_AGGRESSIVE;
				CLANG_WARN_UNREACHABLE_CODE = YES;
				CLANG_WARN__DUPLICATE_METHOD_MATCH = YES;
				CODE_SIGN_IDENTITY = "Apple Distribution";
				CODE_SIGN_STYLE = Automatic;
				COPY_PHASE_STRIP = NO;
				CURRENT_PROJECT_VERSION = 27;
				DEBUG_INFORMATION_FORMAT = "dwarf-with-dsym";
				ENABLE_NS_ASSERTIONS = NO;
				ENABLE_STRICT_OBJC_MSGSEND = YES;
				GCC_C_LANGUAGE_STANDARD = gnu11;
				GCC_NO_COMMON_BLOCKS = YES;
				GCC_WARN_64_TO_32_BIT_CONVERSION = YES;
				GCC_WARN_ABOUT_RETURN_TYPE = YES_ERROR;
				GCC_WARN_UNDECLARED_SELECTOR = YES;
				GCC_WARN_UNINITIALIZED_AUTOS = YES_AGGRESSIVE;
				GCC_WARN_UNUSED_FUNCTION = YES;
				GCC_WARN_UNUSED_VARIABLE = YES;
				IPHONEOS_DEPLOYMENT_TARGET = 15.0;
				KNOCK_API_BASE_URL = "https://knock-knock-backend-production.wch-klaus.workers.dev";
				KNOCK_MODEL_PUBLIC_KEY_BASE64 = "";
				MARKETING_VERSION = 0.1.0;
				MTL_ENABLE_DEBUG_INFO = NO;
				MTL_FAST_MATH = YES;
				PRODUCT_NAME = "$(TARGET_NAME)";
				SDKROOT = iphoneos;
				SWIFT_COMPILATION_MODE = wholemodule;
				SWIFT_OPTIMIZATION_LEVEL = "-O";
				SWIFT_VERSION = 5.0;
			};
			name = Release;
		};
		63CF868296BFCB34BD085FBF /* Staging */ = {
			isa = XCBuildConfiguration;
			buildSettings = {
				BUNDLE_LOADER = "$(TEST_HOST)";
				DEVELOPMENT_TEAM = TXKDW2YS44;
				GENERATE_INFOPLIST_FILE = YES;
				IPHONEOS_DEPLOYMENT_TARGET = 17.0;
				LD_RUNPATH_SEARCH_PATHS = (
					"$(inherited)",
					"@executable_path/Frameworks",
					"@loader_path/Frameworks",
				);
				PRODUCT_BUNDLE_IDENTIFIER = "hk.knockknock.app.mlx-tests";
				SDKROOT = iphoneos;
				TARGETED_DEVICE_FAMILY = "1,2";
				TEST_HOST = "$(BUILT_PRODUCTS_DIR)/VoiceAgentBridge.app/VoiceAgentBridge";
			};
			name = Staging;
		};
		69450118B4A95AB7DDDEA8B1 /* Release */ = {
			isa = XCBuildConfiguration;
			buildSettings = {
				CODE_SIGN_IDENTITY = "";
				CURRENT_PROJECT_VERSION = 1;
				DEFINES_MODULE = YES;
				DEVELOPMENT_TEAM = TXKDW2YS44;
				DYLIB_COMPATIBILITY_VERSION = 1;
				DYLIB_CURRENT_VERSION = 1;
				DYLIB_INSTALL_NAME_BASE = "@rpath";
				GENERATE_INFOPLIST_FILE = YES;
				INSTALL_PATH = "$(LOCAL_LIBRARY_DIR)/Frameworks";
				IPHONEOS_DEPLOYMENT_TARGET = 17.0;
				LD_RUNPATH_SEARCH_PATHS = (
					"$(inherited)",
					"@executable_path/Frameworks",
				);
				PRODUCT_BUNDLE_IDENTIFIER = "hk.knockknock.app.memory-shadow";
				SDKROOT = iphoneos;
				SKIP_INSTALL = YES;
				TARGETED_DEVICE_FAMILY = "1,2";
				VERSIONING_SYSTEM = "apple-generic";
			};
			name = Release;
		};
		6F065976D518A97DC1026966 /* Release */ = {
			isa = XCBuildConfiguration;
			buildSettings = {
				BUNDLE_LOADER = "$(TEST_HOST)";
				DEVELOPMENT_TEAM = TXKDW2YS44;
				GENERATE_INFOPLIST_FILE = YES;
				IPHONEOS_DEPLOYMENT_TARGET = 17.0;
				LD_RUNPATH_SEARCH_PATHS = (
					"$(inherited)",
					"@executable_path/Frameworks",
					"@loader_path/Frameworks",
				);
				PRODUCT_BUNDLE_IDENTIFIER = "hk.knockknock.app.mlx-tests";
				SDKROOT = iphoneos;
				TARGETED_DEVICE_FAMILY = "1,2";
				TEST_HOST = "$(BUILT_PRODUCTS_DIR)/VoiceAgentBridge.app/VoiceAgentBridge";
			};
			name = Release;
		};
		7AC039F50B4CD3CA6BBD5E80 /* Release */ = {
			isa = XCBuildConfiguration;
			buildSettings = {
				BUNDLE_LOADER = "$(TEST_HOST)";
				DEVELOPMENT_TEAM = TXKDW2YS44;
				GENERATE_INFOPLIST_FILE = YES;
				LD_RUNPATH_SEARCH_PATHS = (
					"$(inherited)",
					"@executable_path/Frameworks",
					"@loader_path/Frameworks",
				);
				PRODUCT_BUNDLE_IDENTIFIER = hk.knockknock.app.tests;
				SDKROOT = iphoneos;
				TARGETED_DEVICE_FAMILY = "1,2";
				TEST_HOST = "$(BUILT_PRODUCTS_DIR)/VoiceAgentBridge.app/VoiceAgentBridge";
			};
			name = Release;
		};
		A1A60D3CD711AD51945D03AB /* Debug */ = {
			isa = XCBuildConfiguration;
			buildSettings = {
				BUNDLE_LOADER = "$(TEST_HOST)";
				DEVELOPMENT_TEAM = TXKDW2YS44;
				GENERATE_INFOPLIST_FILE = YES;
				IPHONEOS_DEPLOYMENT_TARGET = 17.0;
				LD_RUNPATH_SEARCH_PATHS = (
					"$(inherited)",
					"@executable_path/Frameworks",
					"@loader_path/Frameworks",
				);
				PRODUCT_BUNDLE_IDENTIFIER = "hk.knockknock.app.mlx-tests";
				SDKROOT = iphoneos;
				TARGETED_DEVICE_FAMILY = "1,2";
				TEST_HOST = "$(BUILT_PRODUCTS_DIR)/VoiceAgentBridge.app/VoiceAgentBridge";
			};
			name = Debug;
		};
		D751E8A0AF9401CE7AF7D858 /* Staging */ = {
			isa = XCBuildConfiguration;
			buildSettings = {
				ALWAYS_SEARCH_USER_PATHS = NO;
				APS_ENVIRONMENT = development;
				CLANG_ANALYZER_NONNULL = YES;
				CLANG_ANALYZER_NUMBER_OBJECT_CONVERSION = YES_AGGRESSIVE;
				CLANG_CXX_LANGUAGE_STANDARD = "gnu++14";
				CLANG_CXX_LIBRARY = "libc++";
				CLANG_ENABLE_MODULES = YES;
				CLANG_ENABLE_OBJC_ARC = YES;
				CLANG_ENABLE_OBJC_WEAK = YES;
				CLANG_WARN_BLOCK_CAPTURE_AUTORELEASING = YES;
				CLANG_WARN_BOOL_CONVERSION = YES;
				CLANG_WARN_COMMA = YES;
				CLANG_WARN_CONSTANT_CONVERSION = YES;
				CLANG_WARN_DEPRECATED_OBJC_IMPLEMENTATIONS = YES;
				CLANG_WARN_DIRECT_OBJC_ISA_USAGE = YES_ERROR;
				CLANG_WARN_DOCUMENTATION_COMMENTS = YES;
				CLANG_WARN_EMPTY_BODY = YES;
				CLANG_WARN_ENUM_CONVERSION = YES;
				CLANG_WARN_INFINITE_RECURSION = YES;
				CLANG_WARN_INT_CONVERSION = YES;
				CLANG_WARN_NON_LITERAL_NULL_CONVERSION = YES;
				CLANG_WARN_OBJC_IMPLICIT_RETAIN_SELF = YES;
				CLANG_WARN_OBJC_LITERAL_CONVERSION = YES;
				CLANG_WARN_OBJC_ROOT_CLASS = YES_ERROR;
				CLANG_WARN_QUOTED_INCLUDE_IN_FRAMEWORK_HEADER = YES;
				CLANG_WARN_RANGE_LOOP_ANALYSIS = YES;
				CLANG_WARN_STRICT_PROTOTYPES = YES;
				CLANG_WARN_SUSPICIOUS_MOVE = YES;
				CLANG_WARN_UNGUARDED_AVAILABILITY = YES_AGGRESSIVE;
				CLANG_WARN_UNREACHABLE_CODE = YES;
				CLANG_WARN__DUPLICATE_METHOD_MATCH = YES;
				CODE_SIGN_IDENTITY = "Apple Development";
				CODE_SIGN_STYLE = Automatic;
				COPY_PHASE_STRIP = NO;
				CURRENT_PROJECT_VERSION = 27;
				DEBUG_INFORMATION_FORMAT = dwarf;
				ENABLE_STRICT_OBJC_MSGSEND = YES;
				ENABLE_TESTABILITY = YES;
				GCC_C_LANGUAGE_STANDARD = gnu11;
				GCC_DYNAMIC_NO_PIC = NO;
				GCC_NO_COMMON_BLOCKS = YES;
				GCC_OPTIMIZATION_LEVEL = 0;
				GCC_PREPROCESSOR_DEFINITIONS = (
					"$(inherited)",
					"DEBUG=1",
				);
				GCC_WARN_64_TO_32_BIT_CONVERSION = YES;
				GCC_WARN_ABOUT_RETURN_TYPE = YES_ERROR;
				GCC_WARN_UNDECLARED_SELECTOR = YES;
				GCC_WARN_UNINITIALIZED_AUTOS = YES_AGGRESSIVE;
				GCC_WARN_UNUSED_FUNCTION = YES;
				GCC_WARN_UNUSED_VARIABLE = YES;
				IPHONEOS_DEPLOYMENT_TARGET = 15.0;
				KNOCK_API_BASE_URL = "https://knock-knock-backend-staging.wch-klaus.workers.dev";
				KNOCK_MODEL_PUBLIC_KEY_BASE64 = "";
				MARKETING_VERSION = 0.1.0;
				MTL_ENABLE_DEBUG_INFO = INCLUDE_SOURCE;
				MTL_FAST_MATH = YES;
				ONLY_ACTIVE_ARCH = YES;
				PRODUCT_NAME = "$(TARGET_NAME)";
				SDKROOT = iphoneos;
				SWIFT_ACTIVE_COMPILATION_CONDITIONS = DEBUG;
				SWIFT_OPTIMIZATION_LEVEL = "-Onone";
				SWIFT_VERSION = 5.0;
			};
			name = Staging;
		};
		D9DCBC03093E9BE9F06454BD /* Debug */ = {
			isa = XCBuildConfiguration;
			buildSettings = {
				ASSETCATALOG_COMPILER_APPICON_NAME = AppIcon;
				CODE_SIGN_ENTITLEMENTS = VoiceAgentBridge/VoiceAgentBridge.entitlements;
				CODE_SIGN_IDENTITY = "iPhone Developer";
				CODE_SIGN_STYLE = Automatic;
				DEVELOPMENT_TEAM = TXKDW2YS44;
				GENERATE_INFOPLIST_FILE = NO;
				INFOPLIST_FILE = VoiceAgentBridge/Info.plist;
				LD_RUNPATH_SEARCH_PATHS = (
					"$(inherited)",
					"@executable_path/Frameworks",
				);
				OTHER_LDFLAGS = "$(inherited) -weak_framework KnockKnockMemoryShadow";
				PRODUCT_BUNDLE_IDENTIFIER = hk.knockknock.app;
				SDKROOT = iphoneos;
				SUPPORTS_XR_DESIGNED_FOR_IPHONE_IPAD = NO;
				TARGETED_DEVICE_FAMILY = 1;
			};
			name = Debug;
		};
		DEF6F284ACC41843B90AB651 /* Debug */ = {
			isa = XCBuildConfiguration;
			buildSettings = {
				CODE_SIGN_IDENTITY = "";
				CURRENT_PROJECT_VERSION = 1;
				DEFINES_MODULE = YES;
				DEVELOPMENT_TEAM = TXKDW2YS44;
				DYLIB_COMPATIBILITY_VERSION = 1;
				DYLIB_CURRENT_VERSION = 1;
				DYLIB_INSTALL_NAME_BASE = "@rpath";
				GENERATE_INFOPLIST_FILE = YES;
				INSTALL_PATH = "$(LOCAL_LIBRARY_DIR)/Frameworks";
				IPHONEOS_DEPLOYMENT_TARGET = 17.0;
				LD_RUNPATH_SEARCH_PATHS = (
					"$(inherited)",
					"@executable_path/Frameworks",
				);
				PRODUCT_BUNDLE_IDENTIFIER = "hk.knockknock.app.memory-shadow";
				SDKROOT = iphoneos;
				SKIP_INSTALL = YES;
				TARGETED_DEVICE_FAMILY = "1,2";
				VERSIONING_SYSTEM = "apple-generic";
			};
			name = Debug;
		};
		E2615721D65C9FB68E0268A7 /* Release */ = {
			isa = XCBuildConfiguration;
			buildSettings = {
				BUNDLE_LOADER = "$(TEST_HOST)";
				DEVELOPMENT_TEAM = TXKDW2YS44;
				GENERATE_INFOPLIST_FILE = YES;
				IPHONEOS_DEPLOYMENT_TARGET = 15.0;
				LD_RUNPATH_SEARCH_PATHS = (
					"$(inherited)",
					"@executable_path/Frameworks",
					"@loader_path/Frameworks",
				);
				PRODUCT_BUNDLE_IDENTIFIER = "hk.knockknock.app.sensevoice-tests";
				SDKROOT = iphoneos;
				TARGETED_DEVICE_FAMILY = "1,2";
				TEST_HOST = "$(BUILT_PRODUCTS_DIR)/VoiceAgentBridge.app/VoiceAgentBridge";
			};
			name = Release;
		};
		E53CFFB094B021C735CE97E4 /* Staging */ = {
			isa = XCBuildConfiguration;
			buildSettings = {
				BUNDLE_LOADER = "$(TEST_HOST)";
				DEVELOPMENT_TEAM = TXKDW2YS44;
				GENERATE_INFOPLIST_FILE = YES;
				IPHONEOS_DEPLOYMENT_TARGET = 17.0;
				LD_RUNPATH_SEARCH_PATHS = (
					"$(inherited)",
					"@executable_path/Frameworks",
					"@loader_path/Frameworks",
				);
				PRODUCT_BUNDLE_IDENTIFIER = hk.knockknock.app.uitests;
				SDKROOT = iphoneos;
				TARGETED_DEVICE_FAMILY = "1,2";
				TEST_TARGET_NAME = VoiceAgentBridge;
			};
			name = Staging;
		};
		E899C81104E4019A42D1E042 /* Staging */ = {
			isa = XCBuildConfiguration;
			buildSettings = {
				ASSETCATALOG_COMPILER_APPICON_NAME = AppIcon;
				CODE_SIGN_ENTITLEMENTS = VoiceAgentBridge/VoiceAgentBridge.entitlements;
				CODE_SIGN_IDENTITY = "Apple Development";
				CODE_SIGN_STYLE = Automatic;
				DEVELOPMENT_TEAM = TXKDW2YS44;
				GENERATE_INFOPLIST_FILE = NO;
				INFOPLIST_FILE = VoiceAgentBridge/Info.plist;
				IPHONEOS_DEPLOYMENT_TARGET = 17.0;
				LD_RUNPATH_SEARCH_PATHS = (
					"$(inherited)",
					"@executable_path/Frameworks",
				);
				OTHER_LDFLAGS = "$(inherited) -weak_framework KnockKnockMemoryShadow";
				PRODUCT_BUNDLE_IDENTIFIER = hk.knockknock.app;
				SDKROOT = iphoneos;
				SUPPORTS_XR_DESIGNED_FOR_IPHONE_IPAD = NO;
				TARGETED_DEVICE_FAMILY = 1;
			};
			name = Staging;
		};
		EE5088CDFB8CE5F1CCD9F180 /* Staging */ = {
			isa = XCBuildConfiguration;
			buildSettings = {
				CODE_SIGN_IDENTITY = "";
				CURRENT_PROJECT_VERSION = 1;
				DEFINES_MODULE = YES;
				DEVELOPMENT_TEAM = TXKDW2YS44;
				DYLIB_COMPATIBILITY_VERSION = 1;
				DYLIB_CURRENT_VERSION = 1;
				DYLIB_INSTALL_NAME_BASE = "@rpath";
				GENERATE_INFOPLIST_FILE = YES;
				INSTALL_PATH = "$(LOCAL_LIBRARY_DIR)/Frameworks";
				IPHONEOS_DEPLOYMENT_TARGET = 17.0;
				LD_RUNPATH_SEARCH_PATHS = (
					"$(inherited)",
					"@executable_path/Frameworks",
				);
				PRODUCT_BUNDLE_IDENTIFIER = "hk.knockknock.app.memory-shadow";
				SDKROOT = iphoneos;
				SKIP_INSTALL = YES;
				TARGETED_DEVICE_FAMILY = "1,2";
				VERSIONING_SYSTEM = "apple-generic";
			};
			name = Staging;
		};
		FA3561C6E01CC27B40C68D99 /* Debug */ = {
			isa = XCBuildConfiguration;
			buildSettings = {
				BUNDLE_LOADER = "$(TEST_HOST)";
				DEVELOPMENT_TEAM = TXKDW2YS44;
				GENERATE_INFOPLIST_FILE = YES;
				IPHONEOS_DEPLOYMENT_TARGET = 17.0;
				LD_RUNPATH_SEARCH_PATHS = (
					"$(inherited)",
					"@executable_path/Frameworks",
					"@loader_path/Frameworks",
				);
				PRODUCT_BUNDLE_IDENTIFIER = "hk.knockknock.app.gemma4-tests";
				SDKROOT = iphoneos;
				TARGETED_DEVICE_FAMILY = "1,2";
				TEST_HOST = "$(BUILT_PRODUCTS_DIR)/VoiceAgentBridge.app/VoiceAgentBridge";
			};
			name = Debug;
		};
/* End XCBuildConfiguration section */

/* Begin XCConfigurationList section */
		0BE386BF9A903A143CA2EF41 /* Build configuration list for PBXNativeTarget "VoiceAgentBridgeTests" */ = {
			isa = XCConfigurationList;
			buildConfigurations = (
				1D25E5F448355487F4EB5331 /* Debug */,
				7AC039F50B4CD3CA6BBD5E80 /* Release */,
				3C49F79818BCEFAFDD50991A /* Staging */,
			);
			defaultConfigurationIsVisible = 0;
			defaultConfigurationName = Debug;
		};
		1E45D20FE80F77518CAE900D /* Build configuration list for PBXProject "VoiceAgentBridge" */ = {
			isa = XCConfigurationList;
			buildConfigurations = (
				22623BFB9A3D811D97F46629 /* Debug */,
				5E5C183441E0D796C954E0FD /* Release */,
				D751E8A0AF9401CE7AF7D858 /* Staging */,
			);
			defaultConfigurationIsVisible = 0;
			defaultConfigurationName = Debug;
		};
		940FF2FB1C07A5FE254CF136 /* Build configuration list for PBXNativeTarget "VoiceAgentBridgeUITests" */ = {
			isa = XCConfigurationList;
			buildConfigurations = (
				016306626058D41F8A69E475 /* Debug */,
				45116334036CB642AE9B21D9 /* Release */,
				E53CFFB094B021C735CE97E4 /* Staging */,
			);
			defaultConfigurationIsVisible = 0;
			defaultConfigurationName = Debug;
		};
		96236CBB36A92A20E3CCE684 /* Build configuration list for PBXNativeTarget "VoiceAgentBridgeMLXTests" */ = {
			isa = XCConfigurationList;
			buildConfigurations = (
				A1A60D3CD711AD51945D03AB /* Debug */,
				6F065976D518A97DC1026966 /* Release */,
				63CF868296BFCB34BD085FBF /* Staging */,
			);
			defaultConfigurationIsVisible = 0;
			defaultConfigurationName = Debug;
		};
		A557707B699BFE740750E368 /* Build configuration list for PBXNativeTarget "VoiceAgentBridge" */ = {
			isa = XCConfigurationList;
			buildConfigurations = (
				D9DCBC03093E9BE9F06454BD /* Debug */,
				2D17610244E0429ABE2B812A /* Release */,
				E899C81104E4019A42D1E042 /* Staging */,
			);
			defaultConfigurationIsVisible = 0;
			defaultConfigurationName = Debug;
		};
		DE5C7A65DFC23B25F9562F4B /* Build configuration list for PBXNativeTarget "VoiceAgentBridgeSenseVoiceTests" */ = {
			isa = XCConfigurationList;
			buildConfigurations = (
				417A32BC6840573D2D009671 /* Debug */,
				E2615721D65C9FB68E0268A7 /* Release */,
				09668AD42BB18C69AEEBA474 /* Staging */,
			);
			defaultConfigurationIsVisible = 0;
			defaultConfigurationName = Debug;
		};
		ED08BEDD6C2B75D65B584A7C /* Build configuration list for PBXNativeTarget "VoiceAgentBridgeGemma4Tests" */ = {
			isa = XCConfigurationList;
			buildConfigurations = (
				FA3561C6E01CC27B40C68D99 /* Debug */,
				2103C9B06A914A095118EF38 /* Release */,
				0FA1368A22DF31CE5CC466C9 /* Staging */,
			);
			defaultConfigurationIsVisible = 0;
			defaultConfigurationName = Debug;
		};
		F8347DCF82DCE300AEE0A11E /* Build configuration list for PBXNativeTarget "KnockKnockMemoryShadow" */ = {
			isa = XCConfigurationList;
			buildConfigurations = (
				DEF6F284ACC41843B90AB651 /* Debug */,
				69450118B4A95AB7DDDEA8B1 /* Release */,
				EE5088CDFB8CE5F1CCD9F180 /* Staging */,
			);
			defaultConfigurationIsVisible = 0;
			defaultConfigurationName = Debug;
		};
/* End XCConfigurationList section */

/* Begin XCLocalSwiftPackageReference section */
		EC84E6938DD4BD1E205AD2EB /* XCLocalSwiftPackageReference "ThirdParty/LiteRTLM" */ = {
			isa = XCLocalSwiftPackageReference;
			relativePath = ThirdParty/LiteRTLM;
		};
/* End XCLocalSwiftPackageReference section */

/* Begin XCRemoteSwiftPackageReference section */
		17255F53AE1B03B1670614B2 /* XCRemoteSwiftPackageReference "swift-transformers" */ = {
			isa = XCRemoteSwiftPackageReference;
			repositoryURL = "https://github.com/huggingface/swift-transformers";
			requirement = {
				kind = exactVersion;
				version = 1.3.3;
			};
		};
		C520E033C52B2C12FC3A95C8 /* XCRemoteSwiftPackageReference "sherpa-onnx" */ = {
			isa = XCRemoteSwiftPackageReference;
			repositoryURL = "https://github.com/k2-fsa/sherpa-onnx";
			requirement = {
				kind = exactVersion;
				version = 1.13.5;
			};
		};
		F2FDAF62B1EBCF2590931A63 /* XCRemoteSwiftPackageReference "mlx-swift" */ = {
			isa = XCRemoteSwiftPackageReference;
			repositoryURL = "https://github.com/ml-explore/mlx-swift";
			requirement = {
				kind = exactVersion;
				version = 0.31.4;
			};
		};
		FA4CEF8514A0CC312D70CCFB /* XCRemoteSwiftPackageReference "mlx-swift-lm" */ = {
			isa = XCRemoteSwiftPackageReference;
			repositoryURL = "https://github.com/ml-explore/mlx-swift-lm";
			requirement = {
				kind = exactVersion;
				version = 3.31.4;
			};
		};
/* End XCRemoteSwiftPackageReference section */

/* Begin XCSwiftPackageProductDependency section */
		0B3495CAC37DE7BB71C40B44 /* LiteRTLM */ = {
			isa = XCSwiftPackageProductDependency;
			productName = LiteRTLM;
		};
		1B747653EC58873992B4D681 /* MLX */ = {
			isa = XCSwiftPackageProductDependency;
			package = F2FDAF62B1EBCF2590931A63 /* XCRemoteSwiftPackageReference "mlx-swift" */;
			productName = MLX;
		};
		289745606630BED30189DD9D /* MLXLMCommon */ = {
			isa = XCSwiftPackageProductDependency;
			package = FA4CEF8514A0CC312D70CCFB /* XCRemoteSwiftPackageReference "mlx-swift-lm" */;
			productName = MLXLMCommon;
		};
		32D1A8A47E75BDD576585FB2 /* MLX */ = {
			isa = XCSwiftPackageProductDependency;
			package = F2FDAF62B1EBCF2590931A63 /* XCRemoteSwiftPackageReference "mlx-swift" */;
			productName = MLX;
		};
		35EB6AEE0EBE29EE058C886A /* MLXEmbedders */ = {
			isa = XCSwiftPackageProductDependency;
			package = FA4CEF8514A0CC312D70CCFB /* XCRemoteSwiftPackageReference "mlx-swift-lm" */;
			productName = MLXEmbedders;
		};
		5021597347E15C7DA4C11832 /* MLX */ = {
			isa = XCSwiftPackageProductDependency;
			package = F2FDAF62B1EBCF2590931A63 /* XCRemoteSwiftPackageReference "mlx-swift" */;
			productName = MLX;
		};
		76CE53617766DC3D267BF58E /* MLXLMCommon */ = {
			isa = XCSwiftPackageProductDependency;
			package = FA4CEF8514A0CC312D70CCFB /* XCRemoteSwiftPackageReference "mlx-swift-lm" */;
			productName = MLXLMCommon;
		};
		7FDE409CA235508F7371D6C5 /* Tokenizers */ = {
			isa = XCSwiftPackageProductDependency;
			package = 17255F53AE1B03B1670614B2 /* XCRemoteSwiftPackageReference "swift-transformers" */;
			productName = Tokenizers;
		};
		86461683A9099414051735D8 /* MLXHuggingFace */ = {
			isa = XCSwiftPackageProductDependency;
			package = FA4CEF8514A0CC312D70CCFB /* XCRemoteSwiftPackageReference "mlx-swift-lm" */;
			productName = MLXHuggingFace;
		};
		917AD5C9710B0560352A7ADA /* MLXEmbedders */ = {
			isa = XCSwiftPackageProductDependency;
			package = FA4CEF8514A0CC312D70CCFB /* XCRemoteSwiftPackageReference "mlx-swift-lm" */;
			productName = MLXEmbedders;
		};
		A21F3D1D1ABEF91D5D4E4152 /* MLXHuggingFace */ = {
			isa = XCSwiftPackageProductDependency;
			package = FA4CEF8514A0CC312D70CCFB /* XCRemoteSwiftPackageReference "mlx-swift-lm" */;
			productName = MLXHuggingFace;
		};
		AA1A99ED8E04CD902FAE5A44 /* Tokenizers */ = {
			isa = XCSwiftPackageProductDependency;
			package = 17255F53AE1B03B1670614B2 /* XCRemoteSwiftPackageReference "swift-transformers" */;
			productName = Tokenizers;
		};
		ABD3B55DCC4B3505A0CCE0F7 /* MLXHuggingFace */ = {
			isa = XCSwiftPackageProductDependency;
			package = FA4CEF8514A0CC312D70CCFB /* XCRemoteSwiftPackageReference "mlx-swift-lm" */;
			productName = MLXHuggingFace;
		};
		BB8D0EAA143F46B5F073CEE4 /* sherpa-onnx */ = {
			isa = XCSwiftPackageProductDependency;
			package = C520E033C52B2C12FC3A95C8 /* XCRemoteSwiftPackageReference "sherpa-onnx" */;
			productName = "sherpa-onnx";
		};
		BF92056474B3E292A67125F3 /* Tokenizers */ = {
			isa = XCSwiftPackageProductDependency;
			package = 17255F53AE1B03B1670614B2 /* XCRemoteSwiftPackageReference "swift-transformers" */;
			productName = Tokenizers;
		};
		D8B617978EF36B5E5AA1FFB6 /* MLXLLM */ = {
			isa = XCSwiftPackageProductDependency;
			package = FA4CEF8514A0CC312D70CCFB /* XCRemoteSwiftPackageReference "mlx-swift-lm" */;
			productName = MLXLLM;
		};
		EE23D266A40669E30A3FCCF5 /* MLXLLM */ = {
			isa = XCSwiftPackageProductDependency;
			package = FA4CEF8514A0CC312D70CCFB /* XCRemoteSwiftPackageReference "mlx-swift-lm" */;
			productName = MLXLLM;
		};
		FB21DA517F98ECE42D2221BE /* MLXEmbedders */ = {
			isa = XCSwiftPackageProductDependency;
			package = FA4CEF8514A0CC312D70CCFB /* XCRemoteSwiftPackageReference "mlx-swift-lm" */;
			productName = MLXEmbedders;
		};
		FFB1D6CD48DC61AF831A5102 /* MLXLMCommon */ = {
			isa = XCSwiftPackageProductDependency;
			package = FA4CEF8514A0CC312D70CCFB /* XCRemoteSwiftPackageReference "mlx-swift-lm" */;
			productName = MLXLMCommon;
		};
/* End XCSwiftPackageProductDependency section */
	};
	rootObject = 04D5438232F1B050E05FECD4 /* Project object */;
}
